// !$*UTF8*$!
{
	archiveVersion = 1;
	classes = {
	};
	objectVersion = 46;
	objects = {

/* Begin PBXBuildFile section */
		1ABCA6BA1E6B2D5C009872B3 /* CoreLocation.framework in Frameworks */ = {isa = PBXBuildFile; fileRef = 1ABCA6B91E6B2D5C009872B3 /* CoreLocation.framework */; };
		1ABCA6BC1E6C7F1A009872B3 /* PathJSONViewController.swift in Sources */ = {isa = PBXBuildFile; fileRef = 1ABCA6BB1E6C7F1A009872B3 /* PathJSONViewController.swift */; };
		201C5B089428F74237A04FE0 /* Pods_PerfectPathTests.framework in Frameworks */ = {isa = PBXBuildFile; fileRef = 70ADE7CADA66DB0DCBAE054E /* Pods_PerfectPathTests.framework */; };
		570B846C1E68DB0D00060521 /* SettingsViewController.swift in Sources */ = {isa = PBXBuildFile; fileRef = 570B846B1E68DB0D00060521 /* SettingsViewController.swift */; };
		570B846E1E68DB5100060521 /* SavedPathsViewControlloer.swift in Sources */ = {isa = PBXBuildFile; fileRef = 570B846D1E68DB5100060521 /* SavedPathsViewControlloer.swift */; };
		570B84701E68DBE300060521 /* ResetPasswordViewController.swift in Sources */ = {isa = PBXBuildFile; fileRef = 570B846F1E68DBE300060521 /* ResetPasswordViewController.swift */; };
		570B84721E68DCAA00060521 /* NewPathGeneratedControllerView.swift in Sources */ = {isa = PBXBuildFile; fileRef = 570B84711E68DCAA00060521 /* NewPathGeneratedControllerView.swift */; };
		572941C71A8D97C65AF9CD3F /* Pods_PerfectPath.framework in Frameworks */ = {isa = PBXBuildFile; fileRef = 2C6847A5BDC54C3C5BE6529B /* Pods_PerfectPath.framework */; };
		572B63161E68FB5500A56786 /* MainMenuController.swift in Sources */ = {isa = PBXBuildFile; fileRef = 572B63151E68FB5500A56786 /* MainMenuController.swift */; };
		572B63181E68FBB000A56786 /* FavoritePathListController.swift in Sources */ = {isa = PBXBuildFile; fileRef = 572B63171E68FBB000A56786 /* FavoritePathListController.swift */; };
		572B631A1E68FBEF00A56786 /* MapController.swift in Sources */ = {isa = PBXBuildFile; fileRef = 572B63191E68FBEF00A56786 /* MapController.swift */; };
		572B631C1E68FC1600A56786 /* SetCheckInController.swift in Sources */ = {isa = PBXBuildFile; fileRef = 572B631B1E68FC1600A56786 /* SetCheckInController.swift */; };
		572B631E1E68FC3A00A56786 /* AlertTimerCountdownController.swift in Sources */ = {isa = PBXBuildFile; fileRef = 572B631D1E68FC3A00A56786 /* AlertTimerCountdownController.swift */; };
		5739F00C1E567FB3000AF4B0 /* AppDelegate.swift in Sources */ = {isa = PBXBuildFile; fileRef = 5739F00B1E567FB3000AF4B0 /* AppDelegate.swift */; };
		5739F00E1E567FB3000AF4B0 /* ViewController.swift in Sources */ = {isa = PBXBuildFile; fileRef = 5739F00D1E567FB3000AF4B0 /* ViewController.swift */; };
		5739F0111E567FB3000AF4B0 /* Main.storyboard in Resources */ = {isa = PBXBuildFile; fileRef = 5739F00F1E567FB3000AF4B0 /* Main.storyboard */; };
		5739F0131E567FB3000AF4B0 /* Assets.xcassets in Resources */ = {isa = PBXBuildFile; fileRef = 5739F0121E567FB3000AF4B0 /* Assets.xcassets */; };
		5739F0161E567FB3000AF4B0 /* LaunchScreen.storyboard in Resources */ = {isa = PBXBuildFile; fileRef = 5739F0141E567FB3000AF4B0 /* LaunchScreen.storyboard */; };
		5739F0211E567FB3000AF4B0 /* PerfectPathTests.swift in Sources */ = {isa = PBXBuildFile; fileRef = 5739F0201E567FB3000AF4B0 /* PerfectPathTests.swift */; };
		5739F02C1E567FB3000AF4B0 /* PerfectPathUITests.swift in Sources */ = {isa = PBXBuildFile; fileRef = 5739F02B1E567FB3000AF4B0 /* PerfectPathUITests.swift */; };
		5739F0311E567FB3000AF4B0 /* PerfectPath WatchKit App.app in Embed Watch Content */ = {isa = PBXBuildFile; fileRef = 5739F0301E567FB3000AF4B0 /* PerfectPath WatchKit App.app */; };
		5739F0371E567FB4000AF4B0 /* Interface.storyboard in Resources */ = {isa = PBXBuildFile; fileRef = 5739F0351E567FB4000AF4B0 /* Interface.storyboard */; };
		5739F0391E567FB4000AF4B0 /* Assets.xcassets in Resources */ = {isa = PBXBuildFile; fileRef = 5739F0381E567FB4000AF4B0 /* Assets.xcassets */; };
		5739F0401E567FB4000AF4B0 /* PerfectPath WatchKit Extension.appex in Embed App Extensions */ = {isa = PBXBuildFile; fileRef = 5739F03F1E567FB4000AF4B0 /* PerfectPath WatchKit Extension.appex */; settings = {ATTRIBUTES = (RemoveHeadersOnCopy, ); }; };
		5739F0471E567FB4000AF4B0 /* InterfaceController.swift in Sources */ = {isa = PBXBuildFile; fileRef = 5739F0461E567FB4000AF4B0 /* InterfaceController.swift */; };
		5739F0491E567FB4000AF4B0 /* ExtensionDelegate.swift in Sources */ = {isa = PBXBuildFile; fileRef = 5739F0481E567FB4000AF4B0 /* ExtensionDelegate.swift */; };
		5739F04B1E567FB4000AF4B0 /* NotificationController.swift in Sources */ = {isa = PBXBuildFile; fileRef = 5739F04A1E567FB4000AF4B0 /* NotificationController.swift */; };
		5739F04D1E567FB4000AF4B0 /* Assets.xcassets in Resources */ = {isa = PBXBuildFile; fileRef = 5739F04C1E567FB4000AF4B0 /* Assets.xcassets */; };
		60A115EFE402D38216F03704 /* Pods_PerfectPath_WatchKit_Extension.framework in Frameworks */ = {isa = PBXBuildFile; fileRef = 4E047FF3283BB75F38F47D79 /* Pods_PerfectPath_WatchKit_Extension.framework */; };
		7A329621714993193FD25852 /* Pods_PerfectPathUITests.framework in Frameworks */ = {isa = PBXBuildFile; fileRef = C3F0B4B4F15C15B9337FD562 /* Pods_PerfectPathUITests.framework */; };
		9018B4F01E6619C300A7CAED /* GeneratePathViewController.swift in Sources */ = {isa = PBXBuildFile; fileRef = 9018B4EF1E6619C300A7CAED /* GeneratePathViewController.swift */; };
		903143C11E654A9900CD450D /* LoginViewController.swift in Sources */ = {isa = PBXBuildFile; fileRef = 903143C01E654A9900CD450D /* LoginViewController.swift */; };
		907883611E61E0750088EDBF /* GoogleService-Info.plist in Resources */ = {isa = PBXBuildFile; fileRef = 907883601E61E0750088EDBF /* GoogleService-Info.plist */; };
		9099425C1E65589E006E3DCE /* DashboardViewController.swift in Sources */ = {isa = PBXBuildFile; fileRef = 9099425B1E65589E006E3DCE /* DashboardViewController.swift */; };
		FD7AA16A98DFE6FCEB268542 /* Pods_PerfectPath_WatchKit_App.framework in Frameworks */ = {isa = PBXBuildFile; fileRef = 84FA1DE13FD23F12F3F846F2 /* Pods_PerfectPath_WatchKit_App.framework */; };
/* End PBXBuildFile section */

/* Begin PBXContainerItemProxy section */
		5739F01D1E567FB3000AF4B0 /* PBXContainerItemProxy */ = {
			isa = PBXContainerItemProxy;
			containerPortal = 5739F0001E567FB3000AF4B0 /* Project object */;
			proxyType = 1;
			remoteGlobalIDString = 5739F0071E567FB3000AF4B0;
			remoteInfo = PerfectPath;
		};
		5739F0281E567FB3000AF4B0 /* PBXContainerItemProxy */ = {
			isa = PBXContainerItemProxy;
			containerPortal = 5739F0001E567FB3000AF4B0 /* Project object */;
			proxyType = 1;
			remoteGlobalIDString = 5739F0071E567FB3000AF4B0;
			remoteInfo = PerfectPath;
		};
		5739F0321E567FB3000AF4B0 /* PBXContainerItemProxy */ = {
			isa = PBXContainerItemProxy;
			containerPortal = 5739F0001E567FB3000AF4B0 /* Project object */;
			proxyType = 1;
			remoteGlobalIDString = 5739F02F1E567FB3000AF4B0;
			remoteInfo = "PerfectPath WatchKit App";
		};
		5739F0411E567FB4000AF4B0 /* PBXContainerItemProxy */ = {
			isa = PBXContainerItemProxy;
			containerPortal = 5739F0001E567FB3000AF4B0 /* Project object */;
			proxyType = 1;
			remoteGlobalIDString = 5739F03E1E567FB4000AF4B0;
			remoteInfo = "PerfectPath WatchKit Extension";
		};
/* End PBXContainerItemProxy section */

/* Begin PBXCopyFilesBuildPhase section */
		5739F0541E567FB4000AF4B0 /* Embed App Extensions */ = {
			isa = PBXCopyFilesBuildPhase;
			buildActionMask = 2147483647;
			dstPath = "";
			dstSubfolderSpec = 13;
			files = (
				5739F0401E567FB4000AF4B0 /* PerfectPath WatchKit Extension.appex in Embed App Extensions */,
			);
			name = "Embed App Extensions";
			runOnlyForDeploymentPostprocessing = 0;
		};
		5739F0581E567FB4000AF4B0 /* Embed Watch Content */ = {
			isa = PBXCopyFilesBuildPhase;
			buildActionMask = 2147483647;
			dstPath = "$(CONTENTS_FOLDER_PATH)/Watch";
			dstSubfolderSpec = 16;
			files = (
				5739F0311E567FB3000AF4B0 /* PerfectPath WatchKit App.app in Embed Watch Content */,
			);
			name = "Embed Watch Content";
			runOnlyForDeploymentPostprocessing = 0;
		};
/* End PBXCopyFilesBuildPhase section */

/* Begin PBXFileReference section */
		032752E1F5F0F57038024CE5 /* Pods-PerfectPath WatchKit Extension.debug.xcconfig */ = {isa = PBXFileReference; includeInIndex = 1; lastKnownFileType = text.xcconfig; name = "Pods-PerfectPath WatchKit Extension.debug.xcconfig"; path = "Pods/Target Support Files/Pods-PerfectPath WatchKit Extension/Pods-PerfectPath WatchKit Extension.debug.xcconfig"; sourceTree = "<group>"; };
		1ABCA6B91E6B2D5C009872B3 /* CoreLocation.framework */ = {isa = PBXFileReference; lastKnownFileType = wrapper.framework; name = CoreLocation.framework; path = System/Library/Frameworks/CoreLocation.framework; sourceTree = SDKROOT; };
		1ABCA6BB1E6C7F1A009872B3 /* PathJSONViewController.swift */ = {isa = PBXFileReference; fileEncoding = 4; lastKnownFileType = sourcecode.swift; path = PathJSONViewController.swift; sourceTree = "<group>"; };
		27E41B6A6A1910BD9773313E /* Pods-PerfectPathTests.debug.xcconfig */ = {isa = PBXFileReference; includeInIndex = 1; lastKnownFileType = text.xcconfig; name = "Pods-PerfectPathTests.debug.xcconfig"; path = "Pods/Target Support Files/Pods-PerfectPathTests/Pods-PerfectPathTests.debug.xcconfig"; sourceTree = "<group>"; };
		2B6E29E7E85B6A1685863E03 /* Pods-PerfectPathUITests.debug.xcconfig */ = {isa = PBXFileReference; includeInIndex = 1; lastKnownFileType = text.xcconfig; name = "Pods-PerfectPathUITests.debug.xcconfig"; path = "Pods/Target Support Files/Pods-PerfectPathUITests/Pods-PerfectPathUITests.debug.xcconfig"; sourceTree = "<group>"; };
		2C6847A5BDC54C3C5BE6529B /* Pods_PerfectPath.framework */ = {isa = PBXFileReference; explicitFileType = wrapper.framework; includeInIndex = 0; path = Pods_PerfectPath.framework; sourceTree = BUILT_PRODUCTS_DIR; };
		4B3D7E31C84F95EAF6894F83 /* Pods-PerfectPath WatchKit Extension.release.xcconfig */ = {isa = PBXFileReference; includeInIndex = 1; lastKnownFileType = text.xcconfig; name = "Pods-PerfectPath WatchKit Extension.release.xcconfig"; path = "Pods/Target Support Files/Pods-PerfectPath WatchKit Extension/Pods-PerfectPath WatchKit Extension.release.xcconfig"; sourceTree = "<group>"; };
		4E047FF3283BB75F38F47D79 /* Pods_PerfectPath_WatchKit_Extension.framework */ = {isa = PBXFileReference; explicitFileType = wrapper.framework; includeInIndex = 0; path = Pods_PerfectPath_WatchKit_Extension.framework; sourceTree = BUILT_PRODUCTS_DIR; };
		53AB53A8818C8632BAED57E5 /* Pods-PerfectPathTests.release.xcconfig */ = {isa = PBXFileReference; includeInIndex = 1; lastKnownFileType = text.xcconfig; name = "Pods-PerfectPathTests.release.xcconfig"; path = "Pods/Target Support Files/Pods-PerfectPathTests/Pods-PerfectPathTests.release.xcconfig"; sourceTree = "<group>"; };
		570B846B1E68DB0D00060521 /* SettingsViewController.swift */ = {isa = PBXFileReference; fileEncoding = 4; lastKnownFileType = sourcecode.swift; path = SettingsViewController.swift; sourceTree = "<group>"; };
		570B846D1E68DB5100060521 /* SavedPathsViewControlloer.swift */ = {isa = PBXFileReference; fileEncoding = 4; lastKnownFileType = sourcecode.swift; path = SavedPathsViewControlloer.swift; sourceTree = "<group>"; };
		570B846F1E68DBE300060521 /* ResetPasswordViewController.swift */ = {isa = PBXFileReference; fileEncoding = 4; lastKnownFileType = sourcecode.swift; path = ResetPasswordViewController.swift; sourceTree = "<group>"; };
		570B84711E68DCAA00060521 /* NewPathGeneratedControllerView.swift */ = {isa = PBXFileReference; fileEncoding = 4; lastKnownFileType = sourcecode.swift; path = NewPathGeneratedControllerView.swift; sourceTree = "<group>"; };
		572B63151E68FB5500A56786 /* MainMenuController.swift */ = {isa = PBXFileReference; fileEncoding = 4; lastKnownFileType = sourcecode.swift; path = MainMenuController.swift; sourceTree = "<group>"; };
		572B63171E68FBB000A56786 /* FavoritePathListController.swift */ = {isa = PBXFileReference; fileEncoding = 4; lastKnownFileType = sourcecode.swift; path = FavoritePathListController.swift; sourceTree = "<group>"; };
		572B63191E68FBEF00A56786 /* MapController.swift */ = {isa = PBXFileReference; fileEncoding = 4; lastKnownFileType = sourcecode.swift; path = MapController.swift; sourceTree = "<group>"; };
		572B631B1E68FC1600A56786 /* SetCheckInController.swift */ = {isa = PBXFileReference; fileEncoding = 4; lastKnownFileType = sourcecode.swift; path = SetCheckInController.swift; sourceTree = "<group>"; };
		572B631D1E68FC3A00A56786 /* AlertTimerCountdownController.swift */ = {isa = PBXFileReference; fileEncoding = 4; lastKnownFileType = sourcecode.swift; path = AlertTimerCountdownController.swift; sourceTree = "<group>"; };
		5739F0081E567FB3000AF4B0 /* PerfectPath.app */ = {isa = PBXFileReference; explicitFileType = wrapper.application; includeInIndex = 0; path = PerfectPath.app; sourceTree = BUILT_PRODUCTS_DIR; };
		5739F00B1E567FB3000AF4B0 /* AppDelegate.swift */ = {isa = PBXFileReference; lastKnownFileType = sourcecode.swift; path = AppDelegate.swift; sourceTree = "<group>"; };
		5739F00D1E567FB3000AF4B0 /* ViewController.swift */ = {isa = PBXFileReference; lastKnownFileType = sourcecode.swift; path = ViewController.swift; sourceTree = "<group>"; };
		5739F0101E567FB3000AF4B0 /* Base */ = {isa = PBXFileReference; lastKnownFileType = file.storyboard; name = Base; path = Base.lproj/Main.storyboard; sourceTree = "<group>"; };
		5739F0121E567FB3000AF4B0 /* Assets.xcassets */ = {isa = PBXFileReference; lastKnownFileType = folder.assetcatalog; path = Assets.xcassets; sourceTree = "<group>"; };
		5739F0151E567FB3000AF4B0 /* Base */ = {isa = PBXFileReference; lastKnownFileType = file.storyboard; name = Base; path = Base.lproj/LaunchScreen.storyboard; sourceTree = "<group>"; };
		5739F0171E567FB3000AF4B0 /* Info.plist */ = {isa = PBXFileReference; lastKnownFileType = text.plist.xml; path = Info.plist; sourceTree = "<group>"; };
		5739F01C1E567FB3000AF4B0 /* PerfectPathTests.xctest */ = {isa = PBXFileReference; explicitFileType = wrapper.cfbundle; includeInIndex = 0; path = PerfectPathTests.xctest; sourceTree = BUILT_PRODUCTS_DIR; };
		5739F0201E567FB3000AF4B0 /* PerfectPathTests.swift */ = {isa = PBXFileReference; lastKnownFileType = sourcecode.swift; path = PerfectPathTests.swift; sourceTree = "<group>"; };
		5739F0221E567FB3000AF4B0 /* Info.plist */ = {isa = PBXFileReference; lastKnownFileType = text.plist.xml; path = Info.plist; sourceTree = "<group>"; };
		5739F0271E567FB3000AF4B0 /* PerfectPathUITests.xctest */ = {isa = PBXFileReference; explicitFileType = wrapper.cfbundle; includeInIndex = 0; path = PerfectPathUITests.xctest; sourceTree = BUILT_PRODUCTS_DIR; };
		5739F02B1E567FB3000AF4B0 /* PerfectPathUITests.swift */ = {isa = PBXFileReference; lastKnownFileType = sourcecode.swift; path = PerfectPathUITests.swift; sourceTree = "<group>"; };
		5739F02D1E567FB3000AF4B0 /* Info.plist */ = {isa = PBXFileReference; lastKnownFileType = text.plist.xml; path = Info.plist; sourceTree = "<group>"; };
		5739F0301E567FB3000AF4B0 /* PerfectPath WatchKit App.app */ = {isa = PBXFileReference; explicitFileType = wrapper.application; includeInIndex = 0; path = "PerfectPath WatchKit App.app"; sourceTree = BUILT_PRODUCTS_DIR; };
		5739F0361E567FB4000AF4B0 /* Base */ = {isa = PBXFileReference; lastKnownFileType = file.storyboard; name = Base; path = Base.lproj/Interface.storyboard; sourceTree = "<group>"; };
		5739F0381E567FB4000AF4B0 /* Assets.xcassets */ = {isa = PBXFileReference; lastKnownFileType = folder.assetcatalog; path = Assets.xcassets; sourceTree = "<group>"; };
		5739F03A1E567FB4000AF4B0 /* Info.plist */ = {isa = PBXFileReference; lastKnownFileType = text.plist.xml; path = Info.plist; sourceTree = "<group>"; };
		5739F03F1E567FB4000AF4B0 /* PerfectPath WatchKit Extension.appex */ = {isa = PBXFileReference; explicitFileType = "wrapper.app-extension"; includeInIndex = 0; path = "PerfectPath WatchKit Extension.appex"; sourceTree = BUILT_PRODUCTS_DIR; };
		5739F0451E567FB4000AF4B0 /* PushNotificationPayload.apns */ = {isa = PBXFileReference; lastKnownFileType = text; path = PushNotificationPayload.apns; sourceTree = "<group>"; };
		5739F0461E567FB4000AF4B0 /* InterfaceController.swift */ = {isa = PBXFileReference; lastKnownFileType = sourcecode.swift; path = InterfaceController.swift; sourceTree = "<group>"; };
		5739F0481E567FB4000AF4B0 /* ExtensionDelegate.swift */ = {isa = PBXFileReference; lastKnownFileType = sourcecode.swift; path = ExtensionDelegate.swift; sourceTree = "<group>"; };
		5739F04A1E567FB4000AF4B0 /* NotificationController.swift */ = {isa = PBXFileReference; lastKnownFileType = sourcecode.swift; path = NotificationController.swift; sourceTree = "<group>"; };
		5739F04C1E567FB4000AF4B0 /* Assets.xcassets */ = {isa = PBXFileReference; lastKnownFileType = folder.assetcatalog; path = Assets.xcassets; sourceTree = "<group>"; };
		5739F04E1E567FB4000AF4B0 /* Info.plist */ = {isa = PBXFileReference; lastKnownFileType = text.plist.xml; path = Info.plist; sourceTree = "<group>"; };
		70ADE7CADA66DB0DCBAE054E /* Pods_PerfectPathTests.framework */ = {isa = PBXFileReference; explicitFileType = wrapper.framework; includeInIndex = 0; path = Pods_PerfectPathTests.framework; sourceTree = BUILT_PRODUCTS_DIR; };
		764452D74BE58758F9782445 /* Pods-PerfectPath.release.xcconfig */ = {isa = PBXFileReference; includeInIndex = 1; lastKnownFileType = text.xcconfig; name = "Pods-PerfectPath.release.xcconfig"; path = "Pods/Target Support Files/Pods-PerfectPath/Pods-PerfectPath.release.xcconfig"; sourceTree = "<group>"; };
		84FA1DE13FD23F12F3F846F2 /* Pods_PerfectPath_WatchKit_App.framework */ = {isa = PBXFileReference; explicitFileType = wrapper.framework; includeInIndex = 0; path = Pods_PerfectPath_WatchKit_App.framework; sourceTree = BUILT_PRODUCTS_DIR; };
		8C8EF712ED335260C1488007 /* Pods-PerfectPath WatchKit App.release.xcconfig */ = {isa = PBXFileReference; includeInIndex = 1; lastKnownFileType = text.xcconfig; name = "Pods-PerfectPath WatchKit App.release.xcconfig"; path = "Pods/Target Support Files/Pods-PerfectPath WatchKit App/Pods-PerfectPath WatchKit App.release.xcconfig"; sourceTree = "<group>"; };
		9018B4EF1E6619C300A7CAED /* GeneratePathViewController.swift */ = {isa = PBXFileReference; fileEncoding = 4; lastKnownFileType = sourcecode.swift; path = GeneratePathViewController.swift; sourceTree = "<group>"; };
		903143C01E654A9900CD450D /* LoginViewController.swift */ = {isa = PBXFileReference; fileEncoding = 4; lastKnownFileType = sourcecode.swift; path = LoginViewController.swift; sourceTree = "<group>"; };
		907883601E61E0750088EDBF /* GoogleService-Info.plist */ = {isa = PBXFileReference; fileEncoding = 4; lastKnownFileType = text.plist.xml; path = "GoogleService-Info.plist"; sourceTree = "<group>"; };
		9099425B1E65589E006E3DCE /* DashboardViewController.swift */ = {isa = PBXFileReference; fileEncoding = 4; lastKnownFileType = sourcecode.swift; path = DashboardViewController.swift; sourceTree = "<group>"; };
		941B86785EEB007AE229D544 /* Pods-PerfectPathUITests.release.xcconfig */ = {isa = PBXFileReference; includeInIndex = 1; lastKnownFileType = text.xcconfig; name = "Pods-PerfectPathUITests.release.xcconfig"; path = "Pods/Target Support Files/Pods-PerfectPathUITests/Pods-PerfectPathUITests.release.xcconfig"; sourceTree = "<group>"; };
		AD02E450BF22F70DA4A12D25 /* Pods-PerfectPath.debug.xcconfig */ = {isa = PBXFileReference; includeInIndex = 1; lastKnownFileType = text.xcconfig; name = "Pods-PerfectPath.debug.xcconfig"; path = "Pods/Target Support Files/Pods-PerfectPath/Pods-PerfectPath.debug.xcconfig"; sourceTree = "<group>"; };
		C3F0B4B4F15C15B9337FD562 /* Pods_PerfectPathUITests.framework */ = {isa = PBXFileReference; explicitFileType = wrapper.framework; includeInIndex = 0; path = Pods_PerfectPathUITests.framework; sourceTree = BUILT_PRODUCTS_DIR; };
		D1E37C91D25AA92ACA408AD7 /* Pods-PerfectPath WatchKit App.debug.xcconfig */ = {isa = PBXFileReference; includeInIndex = 1; lastKnownFileType = text.xcconfig; name = "Pods-PerfectPath WatchKit App.debug.xcconfig"; path = "Pods/Target Support Files/Pods-PerfectPath WatchKit App/Pods-PerfectPath WatchKit App.debug.xcconfig"; sourceTree = "<group>"; };
/* End PBXFileReference section */

/* Begin PBXFrameworksBuildPhase section */
		5739F0051E567FB3000AF4B0 /* Frameworks */ = {
			isa = PBXFrameworksBuildPhase;
			buildActionMask = 2147483647;
			files = (
				572941C71A8D97C65AF9CD3F /* Pods_PerfectPath.framework in Frameworks */,
				1ABCA6BA1E6B2D5C009872B3 /* CoreLocation.framework in Frameworks */,
			);
			runOnlyForDeploymentPostprocessing = 0;
		};
		5739F0191E567FB3000AF4B0 /* Frameworks */ = {
			isa = PBXFrameworksBuildPhase;
			buildActionMask = 2147483647;
			files = (
				201C5B089428F74237A04FE0 /* Pods_PerfectPathTests.framework in Frameworks */,
			);
			runOnlyForDeploymentPostprocessing = 0;
		};
		5739F0241E567FB3000AF4B0 /* Frameworks */ = {
			isa = PBXFrameworksBuildPhase;
			buildActionMask = 2147483647;
			files = (
				7A329621714993193FD25852 /* Pods_PerfectPathUITests.framework in Frameworks */,
			);
			runOnlyForDeploymentPostprocessing = 0;
		};
		5739F03C1E567FB4000AF4B0 /* Frameworks */ = {
			isa = PBXFrameworksBuildPhase;
			buildActionMask = 2147483647;
			files = (
				60A115EFE402D38216F03704 /* Pods_PerfectPath_WatchKit_Extension.framework in Frameworks */,
			);
			runOnlyForDeploymentPostprocessing = 0;
		};
		CDBEED6D8FC8E8A8C8D606DC /* Frameworks */ = {
			isa = PBXFrameworksBuildPhase;
			buildActionMask = 2147483647;
			files = (
				FD7AA16A98DFE6FCEB268542 /* Pods_PerfectPath_WatchKit_App.framework in Frameworks */,
			);
			runOnlyForDeploymentPostprocessing = 0;
		};
/* End PBXFrameworksBuildPhase section */

/* Begin PBXGroup section */
		3F0E9C23AEC074876A067F4D /* Frameworks */ = {
			isa = PBXGroup;
			children = (
				1ABCA6B91E6B2D5C009872B3 /* CoreLocation.framework */,
				2C6847A5BDC54C3C5BE6529B /* Pods_PerfectPath.framework */,
				84FA1DE13FD23F12F3F846F2 /* Pods_PerfectPath_WatchKit_App.framework */,
				4E047FF3283BB75F38F47D79 /* Pods_PerfectPath_WatchKit_Extension.framework */,
				70ADE7CADA66DB0DCBAE054E /* Pods_PerfectPathTests.framework */,
				C3F0B4B4F15C15B9337FD562 /* Pods_PerfectPathUITests.framework */,
			);
			name = Frameworks;
			sourceTree = "<group>";
		};
		5739EFFF1E567FB3000AF4B0 = {
			isa = PBXGroup;
			children = (
				5739F00A1E567FB3000AF4B0 /* PerfectPath */,
				5739F01F1E567FB3000AF4B0 /* PerfectPathTests */,
				5739F02A1E567FB3000AF4B0 /* PerfectPathUITests */,
				5739F0341E567FB4000AF4B0 /* PerfectPath WatchKit App */,
				5739F0431E567FB4000AF4B0 /* PerfectPath WatchKit Extension */,
				5739F0091E567FB3000AF4B0 /* Products */,
				F9B861BF9F988495485C02CE /* Pods */,
				3F0E9C23AEC074876A067F4D /* Frameworks */,
			);
			sourceTree = "<group>";
		};
		5739F0091E567FB3000AF4B0 /* Products */ = {
			isa = PBXGroup;
			children = (
				5739F0081E567FB3000AF4B0 /* PerfectPath.app */,
				5739F01C1E567FB3000AF4B0 /* PerfectPathTests.xctest */,
				5739F0271E567FB3000AF4B0 /* PerfectPathUITests.xctest */,
				5739F0301E567FB3000AF4B0 /* PerfectPath WatchKit App.app */,
				5739F03F1E567FB4000AF4B0 /* PerfectPath WatchKit Extension.appex */,
			);
			name = Products;
			sourceTree = "<group>";
		};
		5739F00A1E567FB3000AF4B0 /* PerfectPath */ = {
			isa = PBXGroup;
			children = (
				5739F00B1E567FB3000AF4B0 /* AppDelegate.swift */,
				5739F00D1E567FB3000AF4B0 /* ViewController.swift */,
				5739F00F1E567FB3000AF4B0 /* Main.storyboard */,
				5739F0121E567FB3000AF4B0 /* Assets.xcassets */,
				5739F0141E567FB3000AF4B0 /* LaunchScreen.storyboard */,
				907883601E61E0750088EDBF /* GoogleService-Info.plist */,
				5739F0171E567FB3000AF4B0 /* Info.plist */,
				903143C01E654A9900CD450D /* LoginViewController.swift */,
				9099425B1E65589E006E3DCE /* DashboardViewController.swift */,
				9018B4EF1E6619C300A7CAED /* GeneratePathViewController.swift */,
				570B846B1E68DB0D00060521 /* SettingsViewController.swift */,
				570B846D1E68DB5100060521 /* SavedPathsViewControlloer.swift */,
				570B846F1E68DBE300060521 /* ResetPasswordViewController.swift */,
				570B84711E68DCAA00060521 /* NewPathGeneratedControllerView.swift */,
				1ABCA6BB1E6C7F1A009872B3 /* PathJSONViewController.swift */,
			);
			path = PerfectPath;
			sourceTree = "<group>";
		};
		5739F01F1E567FB3000AF4B0 /* PerfectPathTests */ = {
			isa = PBXGroup;
			children = (
				5739F0201E567FB3000AF4B0 /* PerfectPathTests.swift */,
				5739F0221E567FB3000AF4B0 /* Info.plist */,
			);
			path = PerfectPathTests;
			sourceTree = "<group>";
		};
		5739F02A1E567FB3000AF4B0 /* PerfectPathUITests */ = {
			isa = PBXGroup;
			children = (
				5739F02B1E567FB3000AF4B0 /* PerfectPathUITests.swift */,
				5739F02D1E567FB3000AF4B0 /* Info.plist */,
			);
			path = PerfectPathUITests;
			sourceTree = "<group>";
		};
		5739F0341E567FB4000AF4B0 /* PerfectPath WatchKit App */ = {
			isa = PBXGroup;
			children = (
				5739F0351E567FB4000AF4B0 /* Interface.storyboard */,
				5739F0381E567FB4000AF4B0 /* Assets.xcassets */,
				5739F03A1E567FB4000AF4B0 /* Info.plist */,
			);
			path = "PerfectPath WatchKit App";
			sourceTree = "<group>";
		};
		5739F0431E567FB4000AF4B0 /* PerfectPath WatchKit Extension */ = {
			isa = PBXGroup;
			children = (
				5739F0461E567FB4000AF4B0 /* InterfaceController.swift */,
				5739F0481E567FB4000AF4B0 /* ExtensionDelegate.swift */,
				5739F04A1E567FB4000AF4B0 /* NotificationController.swift */,
				5739F04C1E567FB4000AF4B0 /* Assets.xcassets */,
				5739F04E1E567FB4000AF4B0 /* Info.plist */,
				5739F0441E567FB4000AF4B0 /* Supporting Files */,
				572B63151E68FB5500A56786 /* MainMenuController.swift */,
				572B63171E68FBB000A56786 /* FavoritePathListController.swift */,
				572B63191E68FBEF00A56786 /* MapController.swift */,
				572B631B1E68FC1600A56786 /* SetCheckInController.swift */,
				572B631D1E68FC3A00A56786 /* AlertTimerCountdownController.swift */,
			);
			path = "PerfectPath WatchKit Extension";
			sourceTree = "<group>";
		};
		5739F0441E567FB4000AF4B0 /* Supporting Files */ = {
			isa = PBXGroup;
			children = (
				5739F0451E567FB4000AF4B0 /* PushNotificationPayload.apns */,
			);
			name = "Supporting Files";
			sourceTree = "<group>";
		};
		F9B861BF9F988495485C02CE /* Pods */ = {
			isa = PBXGroup;
			children = (
				AD02E450BF22F70DA4A12D25 /* Pods-PerfectPath.debug.xcconfig */,
				764452D74BE58758F9782445 /* Pods-PerfectPath.release.xcconfig */,
				D1E37C91D25AA92ACA408AD7 /* Pods-PerfectPath WatchKit App.debug.xcconfig */,
				8C8EF712ED335260C1488007 /* Pods-PerfectPath WatchKit App.release.xcconfig */,
				032752E1F5F0F57038024CE5 /* Pods-PerfectPath WatchKit Extension.debug.xcconfig */,
				4B3D7E31C84F95EAF6894F83 /* Pods-PerfectPath WatchKit Extension.release.xcconfig */,
				27E41B6A6A1910BD9773313E /* Pods-PerfectPathTests.debug.xcconfig */,
				53AB53A8818C8632BAED57E5 /* Pods-PerfectPathTests.release.xcconfig */,
				2B6E29E7E85B6A1685863E03 /* Pods-PerfectPathUITests.debug.xcconfig */,
				941B86785EEB007AE229D544 /* Pods-PerfectPathUITests.release.xcconfig */,
			);
			name = Pods;
			sourceTree = "<group>";
		};
/* End PBXGroup section */

/* Begin PBXNativeTarget section */
		5739F0071E567FB3000AF4B0 /* PerfectPath */ = {
			isa = PBXNativeTarget;
			buildConfigurationList = 5739F0591E567FB4000AF4B0 /* Build configuration list for PBXNativeTarget "PerfectPath" */;
			buildPhases = (
				D5AAD8CB354FFD3D533A4380 /* [CP] Check Pods Manifest.lock */,
				5739F0041E567FB3000AF4B0 /* Sources */,
				5739F0051E567FB3000AF4B0 /* Frameworks */,
				5739F0061E567FB3000AF4B0 /* Resources */,
				5739F0581E567FB4000AF4B0 /* Embed Watch Content */,
				D5534C29EA54F471FA63A0EE /* [CP] Embed Pods Frameworks */,
				76ACF9158DC9EAD75ED6773F /* [CP] Copy Pods Resources */,
			);
			buildRules = (
			);
			dependencies = (
				5739F0331E567FB3000AF4B0 /* PBXTargetDependency */,
			);
			name = PerfectPath;
			productName = PerfectPath;
			productReference = 5739F0081E567FB3000AF4B0 /* PerfectPath.app */;
			productType = "com.apple.product-type.application";
		};
		5739F01B1E567FB3000AF4B0 /* PerfectPathTests */ = {
			isa = PBXNativeTarget;
			buildConfigurationList = 5739F05C1E567FB4000AF4B0 /* Build configuration list for PBXNativeTarget "PerfectPathTests" */;
			buildPhases = (
				53584FAEEC19271328BCD6A9 /* [CP] Check Pods Manifest.lock */,
				5739F0181E567FB3000AF4B0 /* Sources */,
				5739F0191E567FB3000AF4B0 /* Frameworks */,
				5739F01A1E567FB3000AF4B0 /* Resources */,
				0FC29D25942A4AF3D7E09F8F /* [CP] Embed Pods Frameworks */,
				7228302FC6423B2A7C75E2EC /* [CP] Copy Pods Resources */,
			);
			buildRules = (
			);
			dependencies = (
				5739F01E1E567FB3000AF4B0 /* PBXTargetDependency */,
			);
			name = PerfectPathTests;
			productName = PerfectPathTests;
			productReference = 5739F01C1E567FB3000AF4B0 /* PerfectPathTests.xctest */;
			productType = "com.apple.product-type.bundle.unit-test";
		};
		5739F0261E567FB3000AF4B0 /* PerfectPathUITests */ = {
			isa = PBXNativeTarget;
			buildConfigurationList = 5739F05F1E567FB4000AF4B0 /* Build configuration list for PBXNativeTarget "PerfectPathUITests" */;
			buildPhases = (
				61A40A17651261CAFE87D5C1 /* [CP] Check Pods Manifest.lock */,
				5739F0231E567FB3000AF4B0 /* Sources */,
				5739F0241E567FB3000AF4B0 /* Frameworks */,
				5739F0251E567FB3000AF4B0 /* Resources */,
				7588B259D50DF48447D1BC9F /* [CP] Embed Pods Frameworks */,
				95CA11C06DDF340BD05657BE /* [CP] Copy Pods Resources */,
			);
			buildRules = (
			);
			dependencies = (
				5739F0291E567FB3000AF4B0 /* PBXTargetDependency */,
			);
			name = PerfectPathUITests;
			productName = PerfectPathUITests;
			productReference = 5739F0271E567FB3000AF4B0 /* PerfectPathUITests.xctest */;
			productType = "com.apple.product-type.bundle.ui-testing";
		};
		5739F02F1E567FB3000AF4B0 /* PerfectPath WatchKit App */ = {
			isa = PBXNativeTarget;
			buildConfigurationList = 5739F0551E567FB4000AF4B0 /* Build configuration list for PBXNativeTarget "PerfectPath WatchKit App" */;
			buildPhases = (
				C30C8F52A7F5341FF6218B5F /* [CP] Check Pods Manifest.lock */,
				5739F02E1E567FB3000AF4B0 /* Resources */,
				5739F0541E567FB4000AF4B0 /* Embed App Extensions */,
				CDBEED6D8FC8E8A8C8D606DC /* Frameworks */,
				DED709C0A90CD614BECE1A0C /* [CP] Copy Pods Resources */,
			);
			buildRules = (
			);
			dependencies = (
				5739F0421E567FB4000AF4B0 /* PBXTargetDependency */,
			);
			name = "PerfectPath WatchKit App";
			productName = "PerfectPath WatchKit App";
			productReference = 5739F0301E567FB3000AF4B0 /* PerfectPath WatchKit App.app */;
			productType = "com.apple.product-type.application.watchapp2";
		};
		5739F03E1E567FB4000AF4B0 /* PerfectPath WatchKit Extension */ = {
			isa = PBXNativeTarget;
			buildConfigurationList = 5739F0511E567FB4000AF4B0 /* Build configuration list for PBXNativeTarget "PerfectPath WatchKit Extension" */;
			buildPhases = (
				5E617CB37B0F2815FC90CFF9 /* [CP] Check Pods Manifest.lock */,
				5739F03B1E567FB4000AF4B0 /* Sources */,
				5739F03C1E567FB4000AF4B0 /* Frameworks */,
				5739F03D1E567FB4000AF4B0 /* Resources */,
				52F9E793C438BC0D1DD85B55 /* [CP] Embed Pods Frameworks */,
				BFAC90239CE71C0AD56BA2C5 /* [CP] Copy Pods Resources */,
			);
			buildRules = (
			);
			dependencies = (
			);
			name = "PerfectPath WatchKit Extension";
			productName = "PerfectPath WatchKit Extension";
			productReference = 5739F03F1E567FB4000AF4B0 /* PerfectPath WatchKit Extension.appex */;
			productType = "com.apple.product-type.watchkit2-extension";
		};
/* End PBXNativeTarget section */

/* Begin PBXProject section */
		5739F0001E567FB3000AF4B0 /* Project object */ = {
			isa = PBXProject;
			attributes = {
				LastSwiftUpdateCheck = 0730;
				LastUpgradeCheck = 0820;
				ORGANIZATIONNAME = PerfectPath;
				TargetAttributes = {
					5739F0071E567FB3000AF4B0 = {
						CreatedOnToolsVersion = 7.3;
						LastSwiftMigration = 0820;
					};
					5739F01B1E567FB3000AF4B0 = {
						CreatedOnToolsVersion = 7.3;
						LastSwiftMigration = 0820;
						TestTargetID = 5739F0071E567FB3000AF4B0;
					};
					5739F0261E567FB3000AF4B0 = {
						CreatedOnToolsVersion = 7.3;
						LastSwiftMigration = 0820;
						TestTargetID = 5739F0071E567FB3000AF4B0;
					};
					5739F02F1E567FB3000AF4B0 = {
						CreatedOnToolsVersion = 7.3;
						LastSwiftMigration = 0820;
					};
					5739F03E1E567FB4000AF4B0 = {
						CreatedOnToolsVersion = 7.3;
						LastSwiftMigration = 0820;
					};
				};
			};
			buildConfigurationList = 5739F0031E567FB3000AF4B0 /* Build configuration list for PBXProject "PerfectPath" */;
			compatibilityVersion = "Xcode 3.2";
			developmentRegion = English;
			hasScannedForEncodings = 0;
			knownRegions = (
				en,
				Base,
			);
			mainGroup = 5739EFFF1E567FB3000AF4B0;
			productRefGroup = 5739F0091E567FB3000AF4B0 /* Products */;
			projectDirPath = "";
			projectRoot = "";
			targets = (
				5739F0071E567FB3000AF4B0 /* PerfectPath */,
				5739F01B1E567FB3000AF4B0 /* PerfectPathTests */,
				5739F0261E567FB3000AF4B0 /* PerfectPathUITests */,
				5739F02F1E567FB3000AF4B0 /* PerfectPath WatchKit App */,
				5739F03E1E567FB4000AF4B0 /* PerfectPath WatchKit Extension */,
			);
		};
/* End PBXProject section */

/* Begin PBXResourcesBuildPhase section */
		5739F0061E567FB3000AF4B0 /* Resources */ = {
			isa = PBXResourcesBuildPhase;
			buildActionMask = 2147483647;
			files = (
				5739F0161E567FB3000AF4B0 /* LaunchScreen.storyboard in Resources */,
				907883611E61E0750088EDBF /* GoogleService-Info.plist in Resources */,
				5739F0131E567FB3000AF4B0 /* Assets.xcassets in Resources */,
				5739F0111E567FB3000AF4B0 /* Main.storyboard in Resources */,
			);
			runOnlyForDeploymentPostprocessing = 0;
		};
		5739F01A1E567FB3000AF4B0 /* Resources */ = {
			isa = PBXResourcesBuildPhase;
			buildActionMask = 2147483647;
			files = (
			);
			runOnlyForDeploymentPostprocessing = 0;
		};
		5739F0251E567FB3000AF4B0 /* Resources */ = {
			isa = PBXResourcesBuildPhase;
			buildActionMask = 2147483647;
			files = (
			);
			runOnlyForDeploymentPostprocessing = 0;
		};
		5739F02E1E567FB3000AF4B0 /* Resources */ = {
			isa = PBXResourcesBuildPhase;
			buildActionMask = 2147483647;
			files = (
				5739F0391E567FB4000AF4B0 /* Assets.xcassets in Resources */,
				5739F0371E567FB4000AF4B0 /* Interface.storyboard in Resources */,
			);
			runOnlyForDeploymentPostprocessing = 0;
		};
		5739F03D1E567FB4000AF4B0 /* Resources */ = {
			isa = PBXResourcesBuildPhase;
			buildActionMask = 2147483647;
			files = (
				5739F04D1E567FB4000AF4B0 /* Assets.xcassets in Resources */,
			);
			runOnlyForDeploymentPostprocessing = 0;
		};
/* End PBXResourcesBuildPhase section */

/* Begin PBXShellScriptBuildPhase section */
		0FC29D25942A4AF3D7E09F8F /* [CP] Embed Pods Frameworks */ = {
			isa = PBXShellScriptBuildPhase;
			buildActionMask = 2147483647;
			files = (
			);
			inputPaths = (
			);
			name = "[CP] Embed Pods Frameworks";
			outputPaths = (
			);
			runOnlyForDeploymentPostprocessing = 0;
			shellPath = /bin/sh;
			shellScript = "\"${SRCROOT}/Pods/Target Support Files/Pods-PerfectPathTests/Pods-PerfectPathTests-frameworks.sh\"\n";
			showEnvVarsInLog = 0;
		};
		52F9E793C438BC0D1DD85B55 /* [CP] Embed Pods Frameworks */ = {
			isa = PBXShellScriptBuildPhase;
			buildActionMask = 2147483647;
			files = (
			);
			inputPaths = (
			);
			name = "[CP] Embed Pods Frameworks";
			outputPaths = (
			);
			runOnlyForDeploymentPostprocessing = 0;
			shellPath = /bin/sh;
			shellScript = "\"${SRCROOT}/Pods/Target Support Files/Pods-PerfectPath WatchKit Extension/Pods-PerfectPath WatchKit Extension-frameworks.sh\"\n";
			showEnvVarsInLog = 0;
		};
		53584FAEEC19271328BCD6A9 /* [CP] Check Pods Manifest.lock */ = {
			isa = PBXShellScriptBuildPhase;
			buildActionMask = 2147483647;
			files = (
			);
			inputPaths = (
			);
			name = "[CP] Check Pods Manifest.lock";
			outputPaths = (
			);
			runOnlyForDeploymentPostprocessing = 0;
			shellPath = /bin/sh;
			shellScript = "diff \"${PODS_ROOT}/../Podfile.lock\" \"${PODS_ROOT}/Manifest.lock\" > /dev/null\nif [ $? != 0 ] ; then\n    # print error to STDERR\n    echo \"error: The sandbox is not in sync with the Podfile.lock. Run 'pod install' or update your CocoaPods installation.\" >&2\n    exit 1\nfi\n";
			showEnvVarsInLog = 0;
		};
		5E617CB37B0F2815FC90CFF9 /* [CP] Check Pods Manifest.lock */ = {
			isa = PBXShellScriptBuildPhase;
			buildActionMask = 2147483647;
			files = (
			);
			inputPaths = (
			);
			name = "[CP] Check Pods Manifest.lock";
			outputPaths = (
			);
			runOnlyForDeploymentPostprocessing = 0;
			shellPath = /bin/sh;
			shellScript = "diff \"${PODS_ROOT}/../Podfile.lock\" \"${PODS_ROOT}/Manifest.lock\" > /dev/null\nif [ $? != 0 ] ; then\n    # print error to STDERR\n    echo \"error: The sandbox is not in sync with the Podfile.lock. Run 'pod install' or update your CocoaPods installation.\" >&2\n    exit 1\nfi\n";
			showEnvVarsInLog = 0;
		};
		61A40A17651261CAFE87D5C1 /* [CP] Check Pods Manifest.lock */ = {
			isa = PBXShellScriptBuildPhase;
			buildActionMask = 2147483647;
			files = (
			);
			inputPaths = (
			);
			name = "[CP] Check Pods Manifest.lock";
			outputPaths = (
			);
			runOnlyForDeploymentPostprocessing = 0;
			shellPath = /bin/sh;
			shellScript = "diff \"${PODS_ROOT}/../Podfile.lock\" \"${PODS_ROOT}/Manifest.lock\" > /dev/null\nif [ $? != 0 ] ; then\n    # print error to STDERR\n    echo \"error: The sandbox is not in sync with the Podfile.lock. Run 'pod install' or update your CocoaPods installation.\" >&2\n    exit 1\nfi\n";
			showEnvVarsInLog = 0;
		};
		7228302FC6423B2A7C75E2EC /* [CP] Copy Pods Resources */ = {
			isa = PBXShellScriptBuildPhase;
			buildActionMask = 2147483647;
			files = (
			);
			inputPaths = (
			);
			name = "[CP] Copy Pods Resources";
			outputPaths = (
			);
			runOnlyForDeploymentPostprocessing = 0;
			shellPath = /bin/sh;
			shellScript = "\"${SRCROOT}/Pods/Target Support Files/Pods-PerfectPathTests/Pods-PerfectPathTests-resources.sh\"\n";
			showEnvVarsInLog = 0;
		};
		7588B259D50DF48447D1BC9F /* [CP] Embed Pods Frameworks */ = {
			isa = PBXShellScriptBuildPhase;
			buildActionMask = 2147483647;
			files = (
			);
			inputPaths = (
			);
			name = "[CP] Embed Pods Frameworks";
			outputPaths = (
			);
			runOnlyForDeploymentPostprocessing = 0;
			shellPath = /bin/sh;
			shellScript = "\"${SRCROOT}/Pods/Target Support Files/Pods-PerfectPathUITests/Pods-PerfectPathUITests-frameworks.sh\"\n";
			showEnvVarsInLog = 0;
		};
		76ACF9158DC9EAD75ED6773F /* [CP] Copy Pods Resources */ = {
			isa = PBXShellScriptBuildPhase;
			buildActionMask = 2147483647;
			files = (
			);
			inputPaths = (
			);
			name = "[CP] Copy Pods Resources";
			outputPaths = (
			);
			runOnlyForDeploymentPostprocessing = 0;
			shellPath = /bin/sh;
			shellScript = "\"${SRCROOT}/Pods/Target Support Files/Pods-PerfectPath/Pods-PerfectPath-resources.sh\"\n";
			showEnvVarsInLog = 0;
		};
		95CA11C06DDF340BD05657BE /* [CP] Copy Pods Resources */ = {
			isa = PBXShellScriptBuildPhase;
			buildActionMask = 2147483647;
			files = (
			);
			inputPaths = (
			);
			name = "[CP] Copy Pods Resources";
			outputPaths = (
			);
			runOnlyForDeploymentPostprocessing = 0;
			shellPath = /bin/sh;
			shellScript = "\"${SRCROOT}/Pods/Target Support Files/Pods-PerfectPathUITests/Pods-PerfectPathUITests-resources.sh\"\n";
			showEnvVarsInLog = 0;
		};
		BFAC90239CE71C0AD56BA2C5 /* [CP] Copy Pods Resources */ = {
			isa = PBXShellScriptBuildPhase;
			buildActionMask = 2147483647;
			files = (
			);
			inputPaths = (
			);
			name = "[CP] Copy Pods Resources";
			outputPaths = (
			);
			runOnlyForDeploymentPostprocessing = 0;
			shellPath = /bin/sh;
			shellScript = "\"${SRCROOT}/Pods/Target Support Files/Pods-PerfectPath WatchKit Extension/Pods-PerfectPath WatchKit Extension-resources.sh\"\n";
			showEnvVarsInLog = 0;
		};
		C30C8F52A7F5341FF6218B5F /* [CP] Check Pods Manifest.lock */ = {
			isa = PBXShellScriptBuildPhase;
			buildActionMask = 2147483647;
			files = (
			);
			inputPaths = (
			);
			name = "[CP] Check Pods Manifest.lock";
			outputPaths = (
			);
			runOnlyForDeploymentPostprocessing = 0;
			shellPath = /bin/sh;
			shellScript = "diff \"${PODS_ROOT}/../Podfile.lock\" \"${PODS_ROOT}/Manifest.lock\" > /dev/null\nif [ $? != 0 ] ; then\n    # print error to STDERR\n    echo \"error: The sandbox is not in sync with the Podfile.lock. Run 'pod install' or update your CocoaPods installation.\" >&2\n    exit 1\nfi\n";
			showEnvVarsInLog = 0;
		};
		D5534C29EA54F471FA63A0EE /* [CP] Embed Pods Frameworks */ = {
			isa = PBXShellScriptBuildPhase;
			buildActionMask = 2147483647;
			files = (
			);
			inputPaths = (
			);
			name = "[CP] Embed Pods Frameworks";
			outputPaths = (
			);
			runOnlyForDeploymentPostprocessing = 0;
			shellPath = /bin/sh;
			shellScript = "\"${SRCROOT}/Pods/Target Support Files/Pods-PerfectPath/Pods-PerfectPath-frameworks.sh\"\n";
			showEnvVarsInLog = 0;
		};
		D5AAD8CB354FFD3D533A4380 /* [CP] Check Pods Manifest.lock */ = {
			isa = PBXShellScriptBuildPhase;
			buildActionMask = 2147483647;
			files = (
			);
			inputPaths = (
			);
			name = "[CP] Check Pods Manifest.lock";
			outputPaths = (
			);
			runOnlyForDeploymentPostprocessing = 0;
			shellPath = /bin/sh;
			shellScript = "diff \"${PODS_ROOT}/../Podfile.lock\" \"${PODS_ROOT}/Manifest.lock\" > /dev/null\nif [ $? != 0 ] ; then\n    # print error to STDERR\n    echo \"error: The sandbox is not in sync with the Podfile.lock. Run 'pod install' or update your CocoaPods installation.\" >&2\n    exit 1\nfi\n";
			showEnvVarsInLog = 0;
		};
		DED709C0A90CD614BECE1A0C /* [CP] Copy Pods Resources */ = {
			isa = PBXShellScriptBuildPhase;
			buildActionMask = 2147483647;
			files = (
			);
			inputPaths = (
			);
			name = "[CP] Copy Pods Resources";
			outputPaths = (
			);
			runOnlyForDeploymentPostprocessing = 0;
			shellPath = /bin/sh;
			shellScript = "\"${SRCROOT}/Pods/Target Support Files/Pods-PerfectPath WatchKit App/Pods-PerfectPath WatchKit App-resources.sh\"\n";
			showEnvVarsInLog = 0;
		};
/* End PBXShellScriptBuildPhase section */

/* Begin PBXSourcesBuildPhase section */
		5739F0041E567FB3000AF4B0 /* Sources */ = {
			isa = PBXSourcesBuildPhase;
			buildActionMask = 2147483647;
			files = (
				9099425C1E65589E006E3DCE /* DashboardViewController.swift in Sources */,
				1ABCA6BC1E6C7F1A009872B3 /* PathJSONViewController.swift in Sources */,
				5739F00E1E567FB3000AF4B0 /* ViewController.swift in Sources */,
				9018B4F01E6619C300A7CAED /* GeneratePathViewController.swift in Sources */,
				570B84701E68DBE300060521 /* ResetPasswordViewController.swift in Sources */,
				903143C11E654A9900CD450D /* LoginViewController.swift in Sources */,
				5739F00C1E567FB3000AF4B0 /* AppDelegate.swift in Sources */,
				570B84721E68DCAA00060521 /* NewPathGeneratedControllerView.swift in Sources */,
				570B846E1E68DB5100060521 /* SavedPathsViewControlloer.swift in Sources */,
				570B846C1E68DB0D00060521 /* SettingsViewController.swift in Sources */,
			);
			runOnlyForDeploymentPostprocessing = 0;
		};
		5739F0181E567FB3000AF4B0 /* Sources */ = {
			isa = PBXSourcesBuildPhase;
			buildActionMask = 2147483647;
			files = (
				5739F0211E567FB3000AF4B0 /* PerfectPathTests.swift in Sources */,
			);
			runOnlyForDeploymentPostprocessing = 0;
		};
		5739F0231E567FB3000AF4B0 /* Sources */ = {
			isa = PBXSourcesBuildPhase;
			buildActionMask = 2147483647;
			files = (
				5739F02C1E567FB3000AF4B0 /* PerfectPathUITests.swift in Sources */,
			);
			runOnlyForDeploymentPostprocessing = 0;
		};
		5739F03B1E567FB4000AF4B0 /* Sources */ = {
			isa = PBXSourcesBuildPhase;
			buildActionMask = 2147483647;
			files = (
				572B631C1E68FC1600A56786 /* SetCheckInController.swift in Sources */,
				572B63181E68FBB000A56786 /* FavoritePathListController.swift in Sources */,
				5739F04B1E567FB4000AF4B0 /* NotificationController.swift in Sources */,
				572B63161E68FB5500A56786 /* MainMenuController.swift in Sources */,
				572B631E1E68FC3A00A56786 /* AlertTimerCountdownController.swift in Sources */,
				5739F0491E567FB4000AF4B0 /* ExtensionDelegate.swift in Sources */,
				572B631A1E68FBEF00A56786 /* MapController.swift in Sources */,
				5739F0471E567FB4000AF4B0 /* InterfaceController.swift in Sources */,
			);
			runOnlyForDeploymentPostprocessing = 0;
		};
/* End PBXSourcesBuildPhase section */

/* Begin PBXTargetDependency section */
		5739F01E1E567FB3000AF4B0 /* PBXTargetDependency */ = {
			isa = PBXTargetDependency;
			target = 5739F0071E567FB3000AF4B0 /* PerfectPath */;
			targetProxy = 5739F01D1E567FB3000AF4B0 /* PBXContainerItemProxy */;
		};
		5739F0291E567FB3000AF4B0 /* PBXTargetDependency */ = {
			isa = PBXTargetDependency;
			target = 5739F0071E567FB3000AF4B0 /* PerfectPath */;
			targetProxy = 5739F0281E567FB3000AF4B0 /* PBXContainerItemProxy */;
		};
		5739F0331E567FB3000AF4B0 /* PBXTargetDependency */ = {
			isa = PBXTargetDependency;
			target = 5739F02F1E567FB3000AF4B0 /* PerfectPath WatchKit App */;
			targetProxy = 5739F0321E567FB3000AF4B0 /* PBXContainerItemProxy */;
		};
		5739F0421E567FB4000AF4B0 /* PBXTargetDependency */ = {
			isa = PBXTargetDependency;
			target = 5739F03E1E567FB4000AF4B0 /* PerfectPath WatchKit Extension */;
			targetProxy = 5739F0411E567FB4000AF4B0 /* PBXContainerItemProxy */;
		};
/* End PBXTargetDependency section */

/* Begin PBXVariantGroup section */
		5739F00F1E567FB3000AF4B0 /* Main.storyboard */ = {
			isa = PBXVariantGroup;
			children = (
				5739F0101E567FB3000AF4B0 /* Base */,
			);
			name = Main.storyboard;
			sourceTree = "<group>";
		};
		5739F0141E567FB3000AF4B0 /* LaunchScreen.storyboard */ = {
			isa = PBXVariantGroup;
			children = (
				5739F0151E567FB3000AF4B0 /* Base */,
			);
			name = LaunchScreen.storyboard;
			sourceTree = "<group>";
		};
		5739F0351E567FB4000AF4B0 /* Interface.storyboard */ = {
			isa = PBXVariantGroup;
			children = (
				5739F0361E567FB4000AF4B0 /* Base */,
			);
			name = Interface.storyboard;
			sourceTree = "<group>";
		};
/* End PBXVariantGroup section */

/* Begin XCBuildConfiguration section */
		5739F04F1E567FB4000AF4B0 /* Debug */ = {
			isa = XCBuildConfiguration;
			buildSettings = {
				ALWAYS_SEARCH_USER_PATHS = NO;
				CLANG_ANALYZER_NONNULL = YES;
				CLANG_CXX_LANGUAGE_STANDARD = "gnu++0x";
				CLANG_CXX_LIBRARY = "libc++";
				CLANG_ENABLE_MODULES = YES;
				CLANG_ENABLE_OBJC_ARC = YES;
				CLANG_WARN_BOOL_CONVERSION = YES;
				CLANG_WARN_CONSTANT_CONVERSION = YES;
				CLANG_WARN_DIRECT_OBJC_ISA_USAGE = YES_ERROR;
				CLANG_WARN_EMPTY_BODY = YES;
				CLANG_WARN_ENUM_CONVERSION = YES;
				CLANG_WARN_INFINITE_RECURSION = YES;
				CLANG_WARN_INT_CONVERSION = YES;
				CLANG_WARN_OBJC_ROOT_CLASS = YES_ERROR;
				CLANG_WARN_SUSPICIOUS_MOVE = YES;
				CLANG_WARN_UNREACHABLE_CODE = YES;
				CLANG_WARN__DUPLICATE_METHOD_MATCH = YES;
				"CODE_SIGN_IDENTITY[sdk=iphoneos*]" = "iPhone Developer";
				COPY_PHASE_STRIP = NO;
				DEBUG_INFORMATION_FORMAT = dwarf;
				ENABLE_STRICT_OBJC_MSGSEND = YES;
				ENABLE_TESTABILITY = YES;
				GCC_C_LANGUAGE_STANDARD = gnu99;
				GCC_DYNAMIC_NO_PIC = NO;
				GCC_NO_COMMON_BLOCKS = YES;
				GCC_OPTIMIZATION_LEVEL = 0;
				GCC_PREPROCESSOR_DEFINITIONS = (
					"DEBUG=1",
					"$(inherited)",
				);
				GCC_WARN_64_TO_32_BIT_CONVERSION = YES;
				GCC_WARN_ABOUT_RETURN_TYPE = YES_ERROR;
				GCC_WARN_UNDECLARED_SELECTOR = YES;
				GCC_WARN_UNINITIALIZED_AUTOS = YES_AGGRESSIVE;
				GCC_WARN_UNUSED_FUNCTION = YES;
				GCC_WARN_UNUSED_VARIABLE = YES;
				IPHONEOS_DEPLOYMENT_TARGET = 9.3;
				MTL_ENABLE_DEBUG_INFO = YES;
				ONLY_ACTIVE_ARCH = YES;
				SDKROOT = iphoneos;
				SWIFT_OPTIMIZATION_LEVEL = "-Onone";
				TARGETED_DEVICE_FAMILY = "1,2";
			};
			name = Debug;
		};
		5739F0501E567FB4000AF4B0 /* Release */ = {
			isa = XCBuildConfiguration;
			buildSettings = {
				ALWAYS_SEARCH_USER_PATHS = NO;
				CLANG_ANALYZER_NONNULL = YES;
				CLANG_CXX_LANGUAGE_STANDARD = "gnu++0x";
				CLANG_CXX_LIBRARY = "libc++";
				CLANG_ENABLE_MODULES = YES;
				CLANG_ENABLE_OBJC_ARC = YES;
				CLANG_WARN_BOOL_CONVERSION = YES;
				CLANG_WARN_CONSTANT_CONVERSION = YES;
				CLANG_WARN_DIRECT_OBJC_ISA_USAGE = YES_ERROR;
				CLANG_WARN_EMPTY_BODY = YES;
				CLANG_WARN_ENUM_CONVERSION = YES;
				CLANG_WARN_INFINITE_RECURSION = YES;
				CLANG_WARN_INT_CONVERSION = YES;
				CLANG_WARN_OBJC_ROOT_CLASS = YES_ERROR;
				CLANG_WARN_SUSPICIOUS_MOVE = YES;
				CLANG_WARN_UNREACHABLE_CODE = YES;
				CLANG_WARN__DUPLICATE_METHOD_MATCH = YES;
				"CODE_SIGN_IDENTITY[sdk=iphoneos*]" = "iPhone Developer";
				COPY_PHASE_STRIP = NO;
				DEBUG_INFORMATION_FORMAT = "dwarf-with-dsym";
				ENABLE_NS_ASSERTIONS = NO;
				ENABLE_STRICT_OBJC_MSGSEND = YES;
				GCC_C_LANGUAGE_STANDARD = gnu99;
				GCC_NO_COMMON_BLOCKS = YES;
				GCC_WARN_64_TO_32_BIT_CONVERSION = YES;
				GCC_WARN_ABOUT_RETURN_TYPE = YES_ERROR;
				GCC_WARN_UNDECLARED_SELECTOR = YES;
				GCC_WARN_UNINITIALIZED_AUTOS = YES_AGGRESSIVE;
				GCC_WARN_UNUSED_FUNCTION = YES;
				GCC_WARN_UNUSED_VARIABLE = YES;
				IPHONEOS_DEPLOYMENT_TARGET = 9.3;
				MTL_ENABLE_DEBUG_INFO = NO;
				SDKROOT = iphoneos;
				SWIFT_OPTIMIZATION_LEVEL = "-Owholemodule";
				TARGETED_DEVICE_FAMILY = "1,2";
				VALIDATE_PRODUCT = YES;
			};
			name = Release;
		};
		5739F0521E567FB4000AF4B0 /* Debug */ = {
			isa = XCBuildConfiguration;
			baseConfigurationReference = 032752E1F5F0F57038024CE5 /* Pods-PerfectPath WatchKit Extension.debug.xcconfig */;
			buildSettings = {
				INFOPLIST_FILE = "PerfectPath WatchKit Extension/Info.plist";
				LD_RUNPATH_SEARCH_PATHS = "$(inherited) @executable_path/Frameworks @executable_path/../../Frameworks";
				PRODUCT_BUNDLE_IDENTIFIER = com.cs4261.PerfectPath.watchkitapp.watchkitextension;
				PRODUCT_NAME = "${TARGET_NAME}";
				SDKROOT = watchos;
				SKIP_INSTALL = YES;
				SWIFT_VERSION = 3.0;
				TARGETED_DEVICE_FAMILY = 4;
				WATCHOS_DEPLOYMENT_TARGET = 2.2;
			};
			name = Debug;
		};
		5739F0531E567FB4000AF4B0 /* Release */ = {
			isa = XCBuildConfiguration;
			baseConfigurationReference = 4B3D7E31C84F95EAF6894F83 /* Pods-PerfectPath WatchKit Extension.release.xcconfig */;
			buildSettings = {
				INFOPLIST_FILE = "PerfectPath WatchKit Extension/Info.plist";
				LD_RUNPATH_SEARCH_PATHS = "$(inherited) @executable_path/Frameworks @executable_path/../../Frameworks";
				PRODUCT_BUNDLE_IDENTIFIER = com.cs4261.PerfectPath.watchkitapp.watchkitextension;
				PRODUCT_NAME = "${TARGET_NAME}";
				SDKROOT = watchos;
				SKIP_INSTALL = YES;
				SWIFT_VERSION = 3.0;
				TARGETED_DEVICE_FAMILY = 4;
				WATCHOS_DEPLOYMENT_TARGET = 2.2;
			};
			name = Release;
		};
		5739F0561E567FB4000AF4B0 /* Debug */ = {
			isa = XCBuildConfiguration;
			baseConfigurationReference = D1E37C91D25AA92ACA408AD7 /* Pods-PerfectPath WatchKit App.debug.xcconfig */;
			buildSettings = {
				ALWAYS_EMBED_SWIFT_STANDARD_LIBRARIES = YES;
				ASSETCATALOG_COMPILER_APPICON_NAME = AppIcon;
				IBSC_MODULE = PerfectPath_WatchKit_Extension;
				INFOPLIST_FILE = "PerfectPath WatchKit App/Info.plist";
				PRODUCT_BUNDLE_IDENTIFIER = com.cs4261.PerfectPath.watchkitapp;
				PRODUCT_NAME = "$(TARGET_NAME)";
				SDKROOT = watchos;
				SKIP_INSTALL = YES;
				SWIFT_VERSION = 3.0;
				TARGETED_DEVICE_FAMILY = 4;
				WATCHOS_DEPLOYMENT_TARGET = 2.2;
			};
			name = Debug;
		};
		5739F0571E567FB4000AF4B0 /* Release */ = {
			isa = XCBuildConfiguration;
			baseConfigurationReference = 8C8EF712ED335260C1488007 /* Pods-PerfectPath WatchKit App.release.xcconfig */;
			buildSettings = {
				ALWAYS_EMBED_SWIFT_STANDARD_LIBRARIES = YES;
				ASSETCATALOG_COMPILER_APPICON_NAME = AppIcon;
				IBSC_MODULE = PerfectPath_WatchKit_Extension;
				INFOPLIST_FILE = "PerfectPath WatchKit App/Info.plist";
				PRODUCT_BUNDLE_IDENTIFIER = com.cs4261.PerfectPath.watchkitapp;
				PRODUCT_NAME = "$(TARGET_NAME)";
				SDKROOT = watchos;
				SKIP_INSTALL = YES;
				SWIFT_VERSION = 3.0;
				TARGETED_DEVICE_FAMILY = 4;
				WATCHOS_DEPLOYMENT_TARGET = 2.2;
			};
			name = Release;
		};
		5739F05A1E567FB4000AF4B0 /* Debug */ = {
			isa = XCBuildConfiguration;
			baseConfigurationReference = AD02E450BF22F70DA4A12D25 /* Pods-PerfectPath.debug.xcconfig */;
			buildSettings = {
				ASSETCATALOG_COMPILER_APPICON_NAME = AppIcon;
				INFOPLIST_FILE = PerfectPath/Info.plist;
				LD_RUNPATH_SEARCH_PATHS = "$(inherited) @executable_path/Frameworks";
				PRODUCT_BUNDLE_IDENTIFIER = com.cs4261.PerfectPath;
				PRODUCT_NAME = "$(TARGET_NAME)";
				SWIFT_VERSION = 3.0;
			};
			name = Debug;
		};
		5739F05B1E567FB4000AF4B0 /* Release */ = {
			isa = XCBuildConfiguration;
			baseConfigurationReference = 764452D74BE58758F9782445 /* Pods-PerfectPath.release.xcconfig */;
			buildSettings = {
				ASSETCATALOG_COMPILER_APPICON_NAME = AppIcon;
				INFOPLIST_FILE = PerfectPath/Info.plist;
				LD_RUNPATH_SEARCH_PATHS = "$(inherited) @executable_path/Frameworks";
				PRODUCT_BUNDLE_IDENTIFIER = com.cs4261.PerfectPath;
				PRODUCT_NAME = "$(TARGET_NAME)";
				SWIFT_VERSION = 3.0;
			};
			name = Release;
		};
		5739F05D1E567FB4000AF4B0 /* Debug */ = {
			isa = XCBuildConfiguration;
			baseConfigurationReference = 27E41B6A6A1910BD9773313E /* Pods-PerfectPathTests.debug.xcconfig */;
			buildSettings = {
				BUNDLE_LOADER = "$(TEST_HOST)";
				INFOPLIST_FILE = PerfectPathTests/Info.plist;
				LD_RUNPATH_SEARCH_PATHS = "$(inherited) @executable_path/Frameworks @loader_path/Frameworks";
				PRODUCT_BUNDLE_IDENTIFIER = PerfectPath.PerfectPathTests;
				PRODUCT_NAME = "$(TARGET_NAME)";
				SWIFT_VERSION = 3.0;
				TEST_HOST = "$(BUILT_PRODUCTS_DIR)/PerfectPath.app/PerfectPath";
			};
			name = Debug;
		};
		5739F05E1E567FB4000AF4B0 /* Release */ = {
			isa = XCBuildConfiguration;
			baseConfigurationReference = 53AB53A8818C8632BAED57E5 /* Pods-PerfectPathTests.release.xcconfig */;
			buildSettings = {
				BUNDLE_LOADER = "$(TEST_HOST)";
				INFOPLIST_FILE = PerfectPathTests/Info.plist;
				LD_RUNPATH_SEARCH_PATHS = "$(inherited) @executable_path/Frameworks @loader_path/Frameworks";
				PRODUCT_BUNDLE_IDENTIFIER = PerfectPath.PerfectPathTests;
				PRODUCT_NAME = "$(TARGET_NAME)";
				SWIFT_VERSION = 3.0;
				TEST_HOST = "$(BUILT_PRODUCTS_DIR)/PerfectPath.app/PerfectPath";
			};
			name = Release;
		};
		5739F0601E567FB4000AF4B0 /* Debug */ = {
			isa = XCBuildConfiguration;
			baseConfigurationReference = 2B6E29E7E85B6A1685863E03 /* Pods-PerfectPathUITests.debug.xcconfig */;
			buildSettings = {
				INFOPLIST_FILE = PerfectPathUITests/Info.plist;
				LD_RUNPATH_SEARCH_PATHS = "$(inherited) @executable_path/Frameworks @loader_path/Frameworks";
				PRODUCT_BUNDLE_IDENTIFIER = PerfectPath.PerfectPathUITests;
				PRODUCT_NAME = "$(TARGET_NAME)";
				SWIFT_VERSION = 3.0;
				TEST_TARGET_NAME = PerfectPath;
			};
			name = Debug;
		};
		5739F0611E567FB4000AF4B0 /* Release */ = {
			isa = XCBuildConfiguration;
			baseConfigurationReference = 941B86785EEB007AE229D544 /* Pods-PerfectPathUITests.release.xcconfig */;
			buildSettings = {
				INFOPLIST_FILE = PerfectPathUITests/Info.plist;
				LD_RUNPATH_SEARCH_PATHS = "$(inherited) @executable_path/Frameworks @loader_path/Frameworks";
				PRODUCT_BUNDLE_IDENTIFIER = PerfectPath.PerfectPathUITests;
				PRODUCT_NAME = "$(TARGET_NAME)";
				SWIFT_VERSION = 3.0;
				TEST_TARGET_NAME = PerfectPath;
			};
			name = Release;
		};
/* End XCBuildConfiguration section */

/* Begin XCConfigurationList section */
		5739F0031E567FB3000AF4B0 /* Build configuration list for PBXProject "PerfectPath" */ = {
			isa = XCConfigurationList;
			buildConfigurations = (
				5739F04F1E567FB4000AF4B0 /* Debug */,
				5739F0501E567FB4000AF4B0 /* Release */,
			);
			defaultConfigurationIsVisible = 0;
			defaultConfigurationName = Release;
		};
		5739F0511E567FB4000AF4B0 /* Build configuration list for PBXNativeTarget "PerfectPath WatchKit Extension" */ = {
			isa = XCConfigurationList;
			buildConfigurations = (
				5739F0521E567FB4000AF4B0 /* Debug */,
				5739F0531E567FB4000AF4B0 /* Release */,
			);
			defaultConfigurationIsVisible = 0;
			defaultConfigurationName = Release;
		};
		5739F0551E567FB4000AF4B0 /* Build configuration list for PBXNativeTarget "PerfectPath WatchKit App" */ = {
			isa = XCConfigurationList;
			buildConfigurations = (
				5739F0561E567FB4000AF4B0 /* Debug */,
				5739F0571E567FB4000AF4B0 /* Release */,
			);
			defaultConfigurationIsVisible = 0;
			defaultConfigurationName = Release;
		};
		5739F0591E567FB4000AF4B0 /* Build configuration list for PBXNativeTarget "PerfectPath" */ = {
			isa = XCConfigurationList;
			buildConfigurations = (
				5739F05A1E567FB4000AF4B0 /* Debug */,
				5739F05B1E567FB4000AF4B0 /* Release */,
			);
			defaultConfigurationIsVisible = 0;
			defaultConfigurationName = Release;
		};
		5739F05C1E567FB4000AF4B0 /* Build configuration list for PBXNativeTarget "PerfectPathTests" */ = {
			isa = XCConfigurationList;
			buildConfigurations = (
				5739F05D1E567FB4000AF4B0 /* Debug */,
				5739F05E1E567FB4000AF4B0 /* Release */,
			);
			defaultConfigurationIsVisible = 0;
			defaultConfigurationName = Release;
		};
		5739F05F1E567FB4000AF4B0 /* Build configuration list for PBXNativeTarget "PerfectPathUITests" */ = {
			isa = XCConfigurationList;
			buildConfigurations = (
				5739F0601E567FB4000AF4B0 /* Debug */,
				5739F0611E567FB4000AF4B0 /* Release */,
			);
			defaultConfigurationIsVisible = 0;
			defaultConfigurationName = Release;
		};
/* End XCConfigurationList section */
	};
	rootObject = 5739F0001E567FB3000AF4B0 /* Project object */;
}
