// !$*UTF8*$!
{
	archiveVersion = 1;
	classes = {
	};
	objectVersion = 46;
	objects = {

/* Begin PBXBuildFile section */
		5739EF6D1E54BDFD000AF4B0 /* AppDelegate.swift in Sources */ = {isa = PBXBuildFile; fileRef = 5739EF6C1E54BDFD000AF4B0 /* AppDelegate.swift */; };
		5739EF6F1E54BDFD000AF4B0 /* MasterViewController.swift in Sources */ = {isa = PBXBuildFile; fileRef = 5739EF6E1E54BDFD000AF4B0 /* MasterViewController.swift */; };
		5739EF711E54BDFD000AF4B0 /* DetailViewController.swift in Sources */ = {isa = PBXBuildFile; fileRef = 5739EF701E54BDFD000AF4B0 /* DetailViewController.swift */; };
		5739EF741E54BDFD000AF4B0 /* Main.storyboard in Resources */ = {isa = PBXBuildFile; fileRef = 5739EF721E54BDFD000AF4B0 /* Main.storyboard */; };
		5739EF761E54BDFD000AF4B0 /* Assets.xcassets in Resources */ = {isa = PBXBuildFile; fileRef = 5739EF751E54BDFD000AF4B0 /* Assets.xcassets */; };
		5739EF791E54BDFD000AF4B0 /* LaunchScreen.storyboard in Resources */ = {isa = PBXBuildFile; fileRef = 5739EF771E54BDFD000AF4B0 /* LaunchScreen.storyboard */; };
		5739EF841E54BDFD000AF4B0 /* PerfectPathTests.swift in Sources */ = {isa = PBXBuildFile; fileRef = 5739EF831E54BDFD000AF4B0 /* PerfectPathTests.swift */; };
		5739EF8F1E54BDFD000AF4B0 /* PerfectPathUITests.swift in Sources */ = {isa = PBXBuildFile; fileRef = 5739EF8E1E54BDFD000AF4B0 /* PerfectPathUITests.swift */; };
/* End PBXBuildFile section */

/* Begin PBXContainerItemProxy section */
		5739EF801E54BDFD000AF4B0 /* PBXContainerItemProxy */ = {
			isa = PBXContainerItemProxy;
			containerPortal = 5739EF611E54BDFD000AF4B0 /* Project object */;
			proxyType = 1;
			remoteGlobalIDString = 5739EF681E54BDFD000AF4B0;
			remoteInfo = PerfectPath;
		};
		5739EF8B1E54BDFD000AF4B0 /* PBXContainerItemProxy */ = {
			isa = PBXContainerItemProxy;
			containerPortal = 5739EF611E54BDFD000AF4B0 /* Project object */;
			proxyType = 1;
			remoteGlobalIDString = 5739EF681E54BDFD000AF4B0;
			remoteInfo = PerfectPath;
		};
/* End PBXContainerItemProxy section */

/* Begin PBXFileReference section */
		5739EF691E54BDFD000AF4B0 /* PerfectPath.app */ = {isa = PBXFileReference; explicitFileType = wrapper.application; includeInIndex = 0; path = PerfectPath.app; sourceTree = BUILT_PRODUCTS_DIR; };
		5739EF6C1E54BDFD000AF4B0 /* AppDelegate.swift */ = {isa = PBXFileReference; lastKnownFileType = sourcecode.swift; path = AppDelegate.swift; sourceTree = "<group>"; };
		5739EF6E1E54BDFD000AF4B0 /* MasterViewController.swift */ = {isa = PBXFileReference; lastKnownFileType = sourcecode.swift; path = MasterViewController.swift; sourceTree = "<group>"; };
		5739EF701E54BDFD000AF4B0 /* DetailViewController.swift */ = {isa = PBXFileReference; lastKnownFileType = sourcecode.swift; path = DetailViewController.swift; sourceTree = "<group>"; };
		5739EF731E54BDFD000AF4B0 /* Base */ = {isa = PBXFileReference; lastKnownFileType = file.storyboard; name = Base; path = Base.lproj/Main.storyboard; sourceTree = "<group>"; };
		5739EF751E54BDFD000AF4B0 /* Assets.xcassets */ = {isa = PBXFileReference; lastKnownFileType = folder.assetcatalog; path = Assets.xcassets; sourceTree = "<group>"; };
		5739EF781E54BDFD000AF4B0 /* Base */ = {isa = PBXFileReference; lastKnownFileType = file.storyboard; name = Base; path = Base.lproj/LaunchScreen.storyboard; sourceTree = "<group>"; };
		5739EF7A1E54BDFD000AF4B0 /* Info.plist */ = {isa = PBXFileReference; lastKnownFileType = text.plist.xml; path = Info.plist; sourceTree = "<group>"; };
		5739EF7F1E54BDFD000AF4B0 /* PerfectPathTests.xctest */ = {isa = PBXFileReference; explicitFileType = wrapper.cfbundle; includeInIndex = 0; path = PerfectPathTests.xctest; sourceTree = BUILT_PRODUCTS_DIR; };
		5739EF831E54BDFD000AF4B0 /* PerfectPathTests.swift */ = {isa = PBXFileReference; lastKnownFileType = sourcecode.swift; path = PerfectPathTests.swift; sourceTree = "<group>"; };
		5739EF851E54BDFD000AF4B0 /* Info.plist */ = {isa = PBXFileReference; lastKnownFileType = text.plist.xml; path = Info.plist; sourceTree = "<group>"; };
		5739EF8A1E54BDFD000AF4B0 /* PerfectPathUITests.xctest */ = {isa = PBXFileReference; explicitFileType = wrapper.cfbundle; includeInIndex = 0; path = PerfectPathUITests.xctest; sourceTree = BUILT_PRODUCTS_DIR; };
		5739EF8E1E54BDFD000AF4B0 /* PerfectPathUITests.swift */ = {isa = PBXFileReference; lastKnownFileType = sourcecode.swift; path = PerfectPathUITests.swift; sourceTree = "<group>"; };
		5739EF901E54BDFD000AF4B0 /* Info.plist */ = {isa = PBXFileReference; lastKnownFileType = text.plist.xml; path = Info.plist; sourceTree = "<group>"; };
/* End PBXFileReference section */

/* Begin PBXFrameworksBuildPhase section */
		5739EF661E54BDFD000AF4B0 /* Frameworks */ = {
			isa = PBXFrameworksBuildPhase;
			buildActionMask = 2147483647;
			files = (
			);
			runOnlyForDeploymentPostprocessing = 0;
		};
		5739EF7C1E54BDFD000AF4B0 /* Frameworks */ = {
			isa = PBXFrameworksBuildPhase;
			buildActionMask = 2147483647;
			files = (
			);
			runOnlyForDeploymentPostprocessing = 0;
		};
		5739EF871E54BDFD000AF4B0 /* Frameworks */ = {
			isa = PBXFrameworksBuildPhase;
			buildActionMask = 2147483647;
			files = (
			);
			runOnlyForDeploymentPostprocessing = 0;
		};
/* End PBXFrameworksBuildPhase section */

/* Begin PBXGroup section */
		5739EF601E54BDFD000AF4B0 = {
			isa = PBXGroup;
			children = (
				5739EF6B1E54BDFD000AF4B0 /* PerfectPath */,
				5739EF821E54BDFD000AF4B0 /* PerfectPathTests */,
				5739EF8D1E54BDFD000AF4B0 /* PerfectPathUITests */,
				5739EF6A1E54BDFD000AF4B0 /* Products */,
			);
			sourceTree = "<group>";
		};
		5739EF6A1E54BDFD000AF4B0 /* Products */ = {
			isa = PBXGroup;
			children = (
				5739EF691E54BDFD000AF4B0 /* PerfectPath.app */,
				5739EF7F1E54BDFD000AF4B0 /* PerfectPathTests.xctest */,
				5739EF8A1E54BDFD000AF4B0 /* PerfectPathUITests.xctest */,
			);
			name = Products;
			sourceTree = "<group>";
		};
		5739EF6B1E54BDFD000AF4B0 /* PerfectPath */ = {
			isa = PBXGroup;
			children = (
				5739EF6C1E54BDFD000AF4B0 /* AppDelegate.swift */,
				5739EF6E1E54BDFD000AF4B0 /* MasterViewController.swift */,
				5739EF701E54BDFD000AF4B0 /* DetailViewController.swift */,
				5739EF721E54BDFD000AF4B0 /* Main.storyboard */,
				5739EF751E54BDFD000AF4B0 /* Assets.xcassets */,
				5739EF771E54BDFD000AF4B0 /* LaunchScreen.storyboard */,
				5739EF7A1E54BDFD000AF4B0 /* Info.plist */,
			);
			path = PerfectPath;
			sourceTree = "<group>";
		};
		5739EF821E54BDFD000AF4B0 /* PerfectPathTests */ = {
			isa = PBXGroup;
			children = (
				5739EF831E54BDFD000AF4B0 /* PerfectPathTests.swift */,
				5739EF851E54BDFD000AF4B0 /* Info.plist */,
			);
			path = PerfectPathTests;
			sourceTree = "<group>";
		};
		5739EF8D1E54BDFD000AF4B0 /* PerfectPathUITests */ = {
			isa = PBXGroup;
			children = (
				5739EF8E1E54BDFD000AF4B0 /* PerfectPathUITests.swift */,
				5739EF901E54BDFD000AF4B0 /* Info.plist */,
			);
			path = PerfectPathUITests;
			sourceTree = "<group>";
		};
/* End PBXGroup section */

/* Begin PBXNativeTarget section */
		5739EF681E54BDFD000AF4B0 /* PerfectPath */ = {
			isa = PBXNativeTarget;
			buildConfigurationList = 5739EF931E54BDFD000AF4B0 /* Build configuration list for PBXNativeTarget "PerfectPath" */;
			buildPhases = (
				5739EF651E54BDFD000AF4B0 /* Sources */,
				5739EF661E54BDFD000AF4B0 /* Frameworks */,
				5739EF671E54BDFD000AF4B0 /* Resources */,
			);
			buildRules = (
			);
			dependencies = (
			);
			name = PerfectPath;
			productName = PerfectPath;
			productReference = 5739EF691E54BDFD000AF4B0 /* PerfectPath.app */;
			productType = "com.apple.product-type.application";
		};
		5739EF7E1E54BDFD000AF4B0 /* PerfectPathTests */ = {
			isa = PBXNativeTarget;
			buildConfigurationList = 5739EF961E54BDFD000AF4B0 /* Build configuration list for PBXNativeTarget "PerfectPathTests" */;
			buildPhases = (
				5739EF7B1E54BDFD000AF4B0 /* Sources */,
				5739EF7C1E54BDFD000AF4B0 /* Frameworks */,
				5739EF7D1E54BDFD000AF4B0 /* Resources */,
			);
			buildRules = (
			);
			dependencies = (
				5739EF811E54BDFD000AF4B0 /* PBXTargetDependency */,
			);
			name = PerfectPathTests;
			productName = PerfectPathTests;
			productReference = 5739EF7F1E54BDFD000AF4B0 /* PerfectPathTests.xctest */;
			productType = "com.apple.product-type.bundle.unit-test";
		};
		5739EF891E54BDFD000AF4B0 /* PerfectPathUITests */ = {
			isa = PBXNativeTarget;
			buildConfigurationList = 5739EF991E54BDFD000AF4B0 /* Build configuration list for PBXNativeTarget "PerfectPathUITests" */;
			buildPhases = (
				5739EF861E54BDFD000AF4B0 /* Sources */,
				5739EF871E54BDFD000AF4B0 /* Frameworks */,
				5739EF881E54BDFD000AF4B0 /* Resources */,
			);
			buildRules = (
			);
			dependencies = (
				5739EF8C1E54BDFD000AF4B0 /* PBXTargetDependency */,
			);
			name = PerfectPathUITests;
			productName = PerfectPathUITests;
			productReference = 5739EF8A1E54BDFD000AF4B0 /* PerfectPathUITests.xctest */;
			productType = "com.apple.product-type.bundle.ui-testing";
		};
/* End PBXNativeTarget section */

/* Begin PBXProject section */
		5739EF611E54BDFD000AF4B0 /* Project object */ = {
			isa = PBXProject;
			attributes = {
				LastSwiftUpdateCheck = 0730;
				LastUpgradeCheck = 0730;
				ORGANIZATIONNAME = "Kasey Clark";
				TargetAttributes = {
					5739EF681E54BDFD000AF4B0 = {
						CreatedOnToolsVersion = 7.3;
					};
					5739EF7E1E54BDFD000AF4B0 = {
						CreatedOnToolsVersion = 7.3;
						TestTargetID = 5739EF681E54BDFD000AF4B0;
					};
					5739EF891E54BDFD000AF4B0 = {
						CreatedOnToolsVersion = 7.3;
						TestTargetID = 5739EF681E54BDFD000AF4B0;
					};
				};
			};
			buildConfigurationList = 5739EF641E54BDFD000AF4B0 /* Build configuration list for PBXProject "PerfectPath" */;
			compatibilityVersion = "Xcode 3.2";
			developmentRegion = English;
			hasScannedForEncodings = 0;
			knownRegions = (
				en,
				Base,
			);
			mainGroup = 5739EF601E54BDFD000AF4B0;
			productRefGroup = 5739EF6A1E54BDFD000AF4B0 /* Products */;
			projectDirPath = "";
			projectRoot = "";
			targets = (
				5739EF681E54BDFD000AF4B0 /* PerfectPath */,
				5739EF7E1E54BDFD000AF4B0 /* PerfectPathTests */,
				5739EF891E54BDFD000AF4B0 /* PerfectPathUITests */,
			);
		};
/* End PBXProject section */

/* Begin PBXResourcesBuildPhase section */
		5739EF671E54BDFD000AF4B0 /* Resources */ = {
			isa = PBXResourcesBuildPhase;
			buildActionMask = 2147483647;
			files = (
				5739EF791E54BDFD000AF4B0 /* LaunchScreen.storyboard in Resources */,
				5739EF761E54BDFD000AF4B0 /* Assets.xcassets in Resources */,
				5739EF741E54BDFD000AF4B0 /* Main.storyboard in Resources */,
			);
			runOnlyForDeploymentPostprocessing = 0;
		};
		5739EF7D1E54BDFD000AF4B0 /* Resources */ = {
			isa = PBXResourcesBuildPhase;
			buildActionMask = 2147483647;
			files = (
			);
			runOnlyForDeploymentPostprocessing = 0;
		};
		5739EF881E54BDFD000AF4B0 /* Resources */ = {
			isa = PBXResourcesBuildPhase;
			buildActionMask = 2147483647;
			files = (
			);
			runOnlyForDeploymentPostprocessing = 0;
		};
/* End PBXResourcesBuildPhase section */

/* Begin PBXSourcesBuildPhase section */
		5739EF651E54BDFD000AF4B0 /* Sources */ = {
			isa = PBXSourcesBuildPhase;
			buildActionMask = 2147483647;
			files = (
				5739EF711E54BDFD000AF4B0 /* DetailViewController.swift in Sources */,
				5739EF6F1E54BDFD000AF4B0 /* MasterViewController.swift in Sources */,
				5739EF6D1E54BDFD000AF4B0 /* AppDelegate.swift in Sources */,
			);
			runOnlyForDeploymentPostprocessing = 0;
		};
		5739EF7B1E54BDFD000AF4B0 /* Sources */ = {
			isa = PBXSourcesBuildPhase;
			buildActionMask = 2147483647;
			files = (
				5739EF841E54BDFD000AF4B0 /* PerfectPathTests.swift in Sources */,
			);
			runOnlyForDeploymentPostprocessing = 0;
		};
		5739EF861E54BDFD000AF4B0 /* Sources */ = {
			isa = PBXSourcesBuildPhase;
			buildActionMask = 2147483647;
			files = (
				5739EF8F1E54BDFD000AF4B0 /* PerfectPathUITests.swift in Sources */,
			);
			runOnlyForDeploymentPostprocessing = 0;
		};
/* End PBXSourcesBuildPhase section */

/* Begin PBXTargetDependency section */
		5739EF811E54BDFD000AF4B0 /* PBXTargetDependency */ = {
			isa = PBXTargetDependency;
			target = 5739EF681E54BDFD000AF4B0 /* PerfectPath */;
			targetProxy = 5739EF801E54BDFD000AF4B0 /* PBXContainerItemProxy */;
		};
		5739EF8C1E54BDFD000AF4B0 /* PBXTargetDependency */ = {
			isa = PBXTargetDependency;
			target = 5739EF681E54BDFD000AF4B0 /* PerfectPath */;
			targetProxy = 5739EF8B1E54BDFD000AF4B0 /* PBXContainerItemProxy */;
		};
/* End PBXTargetDependency section */

/* Begin PBXVariantGroup section */
		5739EF721E54BDFD000AF4B0 /* Main.storyboard */ = {
			isa = PBXVariantGroup;
			children = (
				5739EF731E54BDFD000AF4B0 /* Base */,
			);
			name = Main.storyboard;
			sourceTree = "<group>";
		};
		5739EF771E54BDFD000AF4B0 /* LaunchScreen.storyboard */ = {
			isa = PBXVariantGroup;
			children = (
				5739EF781E54BDFD000AF4B0 /* Base */,
			);
			name = LaunchScreen.storyboard;
			sourceTree = "<group>";
		};
/* End PBXVariantGroup section */

/* Begin XCBuildConfiguration section */
		5739EF911E54BDFD000AF4B0 /* Debug */ = {
			isa = XCBuildConfiguration;
			buildSettings = {
				ALWAYS_SEARCH_USER_PATHS = NO;
				CLANG_ANALYZER_NONNULL = YES;
				CLANG_CXX_LANGUAGE_STANDARD = "gnu++0x";
				CLANG_CXX_LIBRARY = "libc++";
				CLANG_ENABLE_MODULES = YES;
				CLANG_ENABLE_OBJC_ARC = YES;
				CLANG_WARN_BOOL_CONVERSION = YES;
				CLANG_WARN_CONSTANT_CONVERSION = YES;
				CLANG_WARN_DIRECT_OBJC_ISA_USAGE = YES_ERROR;
				CLANG_WARN_EMPTY_BODY = YES;
				CLANG_WARN_ENUM_CONVERSION = YES;
				CLANG_WARN_INT_CONVERSION = YES;
				CLANG_WARN_OBJC_ROOT_CLASS = YES_ERROR;
				CLANG_WARN_UNREACHABLE_CODE = YES;
				CLANG_WARN__DUPLICATE_METHOD_MATCH = YES;
				"CODE_SIGN_IDENTITY[sdk=iphoneos*]" = "iPhone Developer";
				COPY_PHASE_STRIP = NO;
				DEBUG_INFORMATION_FORMAT = dwarf;
				ENABLE_STRICT_OBJC_MSGSEND = YES;
				ENABLE_TESTABILITY = YES;
				GCC_C_LANGUAGE_STANDARD = gnu99;
				GCC_DYNAMIC_NO_PIC = NO;
				GCC_NO_COMMON_BLOCKS = YES;
				GCC_OPTIMIZATION_LEVEL = 0;
				GCC_PREPROCESSOR_DEFINITIONS = (
					"DEBUG=1",
					"$(inherited)",
				);
				GCC_WARN_64_TO_32_BIT_CONVERSION = YES;
				GCC_WARN_ABOUT_RETURN_TYPE = YES_ERROR;
				GCC_WARN_UNDECLARED_SELECTOR = YES;
				GCC_WARN_UNINITIALIZED_AUTOS = YES_AGGRESSIVE;
				GCC_WARN_UNUSED_FUNCTION = YES;
				GCC_WARN_UNUSED_VARIABLE = YES;
				IPHONEOS_DEPLOYMENT_TARGET = 9.3;
				MTL_ENABLE_DEBUG_INFO = YES;
				ONLY_ACTIVE_ARCH = YES;
				SDKROOT = iphoneos;
				SWIFT_OPTIMIZATION_LEVEL = "-Onone";
				TARGETED_DEVICE_FAMILY = "1,2";
			};
			name = Debug;
		};
		5739EF921E54BDFD000AF4B0 /* Release */ = {
			isa = XCBuildConfiguration;
			buildSettings = {
				ALWAYS_SEARCH_USER_PATHS = NO;
				CLANG_ANALYZER_NONNULL = YES;
				CLANG_CXX_LANGUAGE_STANDARD = "gnu++0x";
				CLANG_CXX_LIBRARY = "libc++";
				CLANG_ENABLE_MODULES = YES;
				CLANG_ENABLE_OBJC_ARC = YES;
				CLANG_WARN_BOOL_CONVERSION = YES;
				CLANG_WARN_CONSTANT_CONVERSION = YES;
				CLANG_WARN_DIRECT_OBJC_ISA_USAGE = YES_ERROR;
				CLANG_WARN_EMPTY_BODY = YES;
				CLANG_WARN_ENUM_CONVERSION = YES;
				CLANG_WARN_INT_CONVERSION = YES;
				CLANG_WARN_OBJC_ROOT_CLASS = YES_ERROR;
				CLANG_WARN_UNREACHABLE_CODE = YES;
				CLANG_WARN__DUPLICATE_METHOD_MATCH = YES;
				"CODE_SIGN_IDENTITY[sdk=iphoneos*]" = "iPhone Developer";
				COPY_PHASE_STRIP = NO;
				DEBUG_INFORMATION_FORMAT = "dwarf-with-dsym";
				ENABLE_NS_ASSERTIONS = NO;
				ENABLE_STRICT_OBJC_MSGSEND = YES;
				GCC_C_LANGUAGE_STANDARD = gnu99;
				GCC_NO_COMMON_BLOCKS = YES;
				GCC_WARN_64_TO_32_BIT_CONVERSION = YES;
				GCC_WARN_ABOUT_RETURN_TYPE = YES_ERROR;
				GCC_WARN_UNDECLARED_SELECTOR = YES;
				GCC_WARN_UNINITIALIZED_AUTOS = YES_AGGRESSIVE;
				GCC_WARN_UNUSED_FUNCTION = YES;
				GCC_WARN_UNUSED_VARIABLE = YES;
				IPHONEOS_DEPLOYMENT_TARGET = 9.3;
				MTL_ENABLE_DEBUG_INFO = NO;
				SDKROOT = iphoneos;
				TARGETED_DEVICE_FAMILY = "1,2";
				VALIDATE_PRODUCT = YES;
			};
			name = Release;
		};
		5739EF941E54BDFD000AF4B0 /* Debug */ = {
			isa = XCBuildConfiguration;
			buildSettings = {
				ASSETCATALOG_COMPILER_APPICON_NAME = AppIcon;
				INFOPLIST_FILE = PerfectPath/Info.plist;
				LD_RUNPATH_SEARCH_PATHS = "$(inherited) @executable_path/Frameworks";
				PRODUCT_BUNDLE_IDENTIFIER = test.PerfectPath;
				PRODUCT_NAME = "$(TARGET_NAME)";
			};
			name = Debug;
		};
		5739EF951E54BDFD000AF4B0 /* Release */ = {
			isa = XCBuildConfiguration;
			buildSettings = {
				ASSETCATALOG_COMPILER_APPICON_NAME = AppIcon;
				INFOPLIST_FILE = PerfectPath/Info.plist;
				LD_RUNPATH_SEARCH_PATHS = "$(inherited) @executable_path/Frameworks";
				PRODUCT_BUNDLE_IDENTIFIER = test.PerfectPath;
				PRODUCT_NAME = "$(TARGET_NAME)";
			};
			name = Release;
		};
		5739EF971E54BDFD000AF4B0 /* Debug */ = {
			isa = XCBuildConfiguration;
			buildSettings = {
				BUNDLE_LOADER = "$(TEST_HOST)";
				INFOPLIST_FILE = PerfectPathTests/Info.plist;
				LD_RUNPATH_SEARCH_PATHS = "$(inherited) @executable_path/Frameworks @loader_path/Frameworks";
				PRODUCT_BUNDLE_IDENTIFIER = test.PerfectPathTests;
				PRODUCT_NAME = "$(TARGET_NAME)";
				TEST_HOST = "$(BUILT_PRODUCTS_DIR)/PerfectPath.app/PerfectPath";
			};
			name = Debug;
		};
		5739EF981E54BDFD000AF4B0 /* Release */ = {
			isa = XCBuildConfiguration;
			buildSettings = {
				BUNDLE_LOADER = "$(TEST_HOST)";
				INFOPLIST_FILE = PerfectPathTests/Info.plist;
				LD_RUNPATH_SEARCH_PATHS = "$(inherited) @executable_path/Frameworks @loader_path/Frameworks";
				PRODUCT_BUNDLE_IDENTIFIER = test.PerfectPathTests;
				PRODUCT_NAME = "$(TARGET_NAME)";
				TEST_HOST = "$(BUILT_PRODUCTS_DIR)/PerfectPath.app/PerfectPath";
			};
			name = Release;
		};
		5739EF9A1E54BDFD000AF4B0 /* Debug */ = {
			isa = XCBuildConfiguration;
			buildSettings = {
				INFOPLIST_FILE = PerfectPathUITests/Info.plist;
				LD_RUNPATH_SEARCH_PATHS = "$(inherited) @executable_path/Frameworks @loader_path/Frameworks";
				PRODUCT_BUNDLE_IDENTIFIER = test.PerfectPathUITests;
				PRODUCT_NAME = "$(TARGET_NAME)";
				TEST_TARGET_NAME = PerfectPath;
			};
			name = Debug;
		};
		5739EF9B1E54BDFD000AF4B0 /* Release */ = {
			isa = XCBuildConfiguration;
			buildSettings = {
				INFOPLIST_FILE = PerfectPathUITests/Info.plist;
				LD_RUNPATH_SEARCH_PATHS = "$(inherited) @executable_path/Frameworks @loader_path/Frameworks";
				PRODUCT_BUNDLE_IDENTIFIER = test.PerfectPathUITests;
				PRODUCT_NAME = "$(TARGET_NAME)";
				TEST_TARGET_NAME = PerfectPath;
			};
			name = Release;
		};
/* End XCBuildConfiguration section */

/* Begin XCConfigurationList section */
		5739EF641E54BDFD000AF4B0 /* Build configuration list for PBXProject "PerfectPath" */ = {
			isa = XCConfigurationList;
			buildConfigurations = (
				5739EF911E54BDFD000AF4B0 /* Debug */,
				5739EF921E54BDFD000AF4B0 /* Release */,
			);
			defaultConfigurationIsVisible = 0;
			defaultConfigurationName = Release;
		};
		5739EF931E54BDFD000AF4B0 /* Build configuration list for PBXNativeTarget "PerfectPath" */ = {
			isa = XCConfigurationList;
			buildConfigurations = (
				5739EF941E54BDFD000AF4B0 /* Debug */,
				5739EF951E54BDFD000AF4B0 /* Release */,
			);
			defaultConfigurationIsVisible = 0;
		};
		5739EF961E54BDFD000AF4B0 /* Build configuration list for PBXNativeTarget "PerfectPathTests" */ = {
			isa = XCConfigurationList;
			buildConfigurations = (
				5739EF971E54BDFD000AF4B0 /* Debug */,
				5739EF981E54BDFD000AF4B0 /* Release */,
			);
			defaultConfigurationIsVisible = 0;
		};
		5739EF991E54BDFD000AF4B0 /* Build configuration list for PBXNativeTarget "PerfectPathUITests" */ = {
			isa = XCConfigurationList;
			buildConfigurations = (
				5739EF9A1E54BDFD000AF4B0 /* Debug */,
				5739EF9B1E54BDFD000AF4B0 /* Release */,
			);
			defaultConfigurationIsVisible = 0;
		};
/* End XCConfigurationList section */
	};
	rootObject = 5739EF611E54BDFD000AF4B0 /* Project object */;
}
